{
  "name": "pixi-actions",
  "version": "1.1.11",
  "lockfileVersion": 3,
  "requires": true,
  "packages": {
    "": {
      "name": "pixi-actions",
      "version": "1.1.11",
      "license": "MIT",
      "devDependencies": {
        "@types/css-font-loading-module": "^0.0.13",
        "pixi.js": ">7.0.0",
        "typescript": "~5.1.3"
      },
      "peerDependencies": {
        "pixi.js": ">7.0.0"
      }
    },
    "node_modules/@pixi/accessibility": {
      "version": "7.3.2",
      "resolved": "https://registry.npmjs.org/@pixi/accessibility/-/accessibility-7.3.2.tgz",
      "integrity": "sha512-MdkU22HTauRvq9cMeWZIQGaDDa86sr+m12rKNdLV+FaDQgP/AhP+qCVpK7IKeJa9BrWGXaYMw/vueij7HkyDSA==",
      "dev": true,
      "peerDependencies": {
        "@pixi/core": "7.3.2",
        "@pixi/display": "7.3.2",
        "@pixi/events": "7.3.2"
      }
    },
    "node_modules/@pixi/app": {
      "version": "7.3.2",
      "resolved": "https://registry.npmjs.org/@pixi/app/-/app-7.3.2.tgz",
      "integrity": "sha512-3YRFSMvAxDebAz3/JJv+2jzbPkT8cHC0IHmmLRN8krDL1pZV+YjMLgMwN/Oeyv5TSbwNqnrF5su5whNkRaxeZQ==",
      "dev": true,
      "peerDependencies": {
        "@pixi/core": "7.3.2",
        "@pixi/display": "7.3.2"
      }
    },
    "node_modules/@pixi/assets": {
      "version": "7.3.2",
      "resolved": "https://registry.npmjs.org/@pixi/assets/-/assets-7.3.2.tgz",
      "integrity": "sha512-yteq6ptAxA09EcwU9D9hl7qr5yWIqy+c2PsXkTDkc76vTAwIamLY3KxLq2aR5y1U4L4O6aHFJd26uNhHcuTPmw==",
      "dev": true,
      "dependencies": {
        "@types/css-font-loading-module": "^0.0.7"
      },
      "peerDependencies": {
        "@pixi/core": "7.3.2",
        "@pixi/utils": "7.3.2"
      }
    },
    "node_modules/@pixi/assets/node_modules/@types/css-font-loading-module": {
      "version": "0.0.7",
      "resolved": "https://registry.npmjs.org/@types/css-font-loading-module/-/css-font-loading-module-0.0.7.tgz",
      "integrity": "sha512-nl09VhutdjINdWyXxHWN/w9zlNCfr60JUqJbd24YXUuCwgeL0TpFSdElCwb6cxfB6ybE19Gjj4g0jsgkXxKv1Q==",
      "dev": true
    },
    "node_modules/@pixi/color": {
      "version": "7.3.2",
      "resolved": "https://registry.npmjs.org/@pixi/color/-/color-7.3.2.tgz",
      "integrity": "sha512-jur5PvdOtUBEUTjmPudW5qdQq6yYGlVGsi3HyhasJw14bN+GKJwiCKgIsyrsiNL5HBUXmje4ICwQohf6BqKqxA==",
      "dev": true,
      "dependencies": {
        "@pixi/colord": "^2.9.6"
      }
    },
    "node_modules/@pixi/colord": {
      "version": "2.9.6",
      "resolved": "https://registry.npmjs.org/@pixi/colord/-/colord-2.9.6.tgz",
      "integrity": "sha512-nezytU2pw587fQstUu1AsJZDVEynjskwOL+kibwcdxsMBFqPsFFNA7xl0ii/gXuDi6M0xj3mfRJj8pBSc2jCfA==",
      "dev": true
    },
    "node_modules/@pixi/compressed-textures": {
      "version": "7.3.2",
      "resolved": "https://registry.npmjs.org/@pixi/compressed-textures/-/compressed-textures-7.3.2.tgz",
      "integrity": "sha512-J3ENMHDPQO6CJRei55gqI0WmiZJIK6SgsW5AEkShT0aAe5miEBSomv70pXw/58ru+4/Hx8cXjamsGt4aQB2D0Q==",
      "dev": true,
      "peerDependencies": {
        "@pixi/assets": "7.3.2",
        "@pixi/core": "7.3.2"
      }
    },
    "node_modules/@pixi/constants": {
      "version": "7.3.2",
      "resolved": "https://registry.npmjs.org/@pixi/constants/-/constants-7.3.2.tgz",
      "integrity": "sha512-Q8W3ncsFxmfgC5EtokpG92qJZabd+Dl+pbQAdHwiPY3v+8UNq77u4VN2qtl1Z04864hCcg7AStIYEDrzqTLF6Q==",
      "dev": true
    },
    "node_modules/@pixi/core": {
      "version": "7.3.2",
      "resolved": "https://registry.npmjs.org/@pixi/core/-/core-7.3.2.tgz",
      "integrity": "sha512-Pta3ee8MtJ3yKxGXzglBWgwbEOKMB6Eth+FpLTjL0rgxiqTB550YX6jsNEQQAzcGjCBlO3rC/IF57UZ2go/X6w==",
      "dev": true,
      "dependencies": {
        "@pixi/color": "7.3.2",
        "@pixi/constants": "7.3.2",
        "@pixi/extensions": "7.3.2",
        "@pixi/math": "7.3.2",
        "@pixi/runner": "7.3.2",
        "@pixi/settings": "7.3.2",
        "@pixi/ticker": "7.3.2",
        "@pixi/utils": "7.3.2",
        "@types/offscreencanvas": "^2019.6.4"
      },
      "funding": {
        "type": "opencollective",
        "url": "https://opencollective.com/pixijs"
      }
    },
    "node_modules/@pixi/display": {
      "version": "7.3.2",
      "resolved": "https://registry.npmjs.org/@pixi/display/-/display-7.3.2.tgz",
      "integrity": "sha512-cY5AnZ3TWt5GYGx4e5AQ2/2U9kP+RorBg/O30amJ+8e9bFk9rS8cjh/DDq/hc4lql96BkXAInTl40eHnAML5lQ==",
      "dev": true,
      "peerDependencies": {
        "@pixi/core": "7.3.2"
      }
    },
    "node_modules/@pixi/events": {
      "version": "7.3.2",
      "resolved": "https://registry.npmjs.org/@pixi/events/-/events-7.3.2.tgz",
      "integrity": "sha512-Moca9epu8jk1wIQCdVYjhz2pD9Ol21m50wvWUKvpgt9yM/AjkCLSDt8HO/PmTpavDrkhx5pVVWeDDA6FyUNaGA==",
      "dev": true,
      "peerDependencies": {
        "@pixi/core": "7.3.2",
        "@pixi/display": "7.3.2"
      }
    },
    "node_modules/@pixi/extensions": {
      "version": "7.3.2",
      "resolved": "https://registry.npmjs.org/@pixi/extensions/-/extensions-7.3.2.tgz",
      "integrity": "sha512-Qw84ADfvmVu4Mwj+zTik/IEEK9lWS5n4trbrpQCcEZ+Mb8oRAXWvKz199mi1s7+LaZXDqeCY1yr2PHQaFf1KBA==",
      "dev": true
    },
    "node_modules/@pixi/extract": {
      "version": "7.3.2",
      "resolved": "https://registry.npmjs.org/@pixi/extract/-/extract-7.3.2.tgz",
      "integrity": "sha512-KsoflvQZV/XD8A8xbtRnmI4reYekbI4MOi7ilwQe5tMz6O1mO7IzrSukxkSMD02f6SpbAqbi7a1EayTjvY0ECQ==",
      "dev": true,
      "peerDependencies": {
        "@pixi/core": "7.3.2"
      }
    },
    "node_modules/@pixi/filter-alpha": {
      "version": "7.3.2",
      "resolved": "https://registry.npmjs.org/@pixi/filter-alpha/-/filter-alpha-7.3.2.tgz",
      "integrity": "sha512-nZMdn310wH5ZK1slwv3X4qT8eLoAGO7SgYGCy5IsMtpCtNObzE9XA4tAfhXrjihyzPS9KvszgAbnv1Qpfh0/uw==",
      "dev": true,
      "peerDependencies": {
        "@pixi/core": "7.3.2"
      }
    },
    "node_modules/@pixi/filter-blur": {
      "version": "7.3.2",
      "resolved": "https://registry.npmjs.org/@pixi/filter-blur/-/filter-blur-7.3.2.tgz",
      "integrity": "sha512-unu3zhwHMhN+iAe7Td2rK40i2UJ2GOhzWK+6jcU3ZkMOsFCT5kgBoMRTejeQVcvCs6GoYK8imbkE7mXt05Vj6A==",
      "dev": true,
      "peerDependencies": {
        "@pixi/core": "7.3.2"
      }
    },
    "node_modules/@pixi/filter-color-matrix": {
      "version": "7.3.2",
      "resolved": "https://registry.npmjs.org/@pixi/filter-color-matrix/-/filter-color-matrix-7.3.2.tgz",
      "integrity": "sha512-rbyjes/9SMoV9jjPiK0sLMkmLfN8D17GoTJIfq/KLv1x9646W5fL2QSKkN04UkZ+020ndWvIOxK1S97tvRyCfg==",
      "dev": true,
      "peerDependencies": {
        "@pixi/core": "7.3.2"
      }
    },
    "node_modules/@pixi/filter-displacement": {
      "version": "7.3.2",
      "resolved": "https://registry.npmjs.org/@pixi/filter-displacement/-/filter-displacement-7.3.2.tgz",
      "integrity": "sha512-ZHl7Sfb8JYd9Z6j96OHCC0NhMKhhXJRE5AbkSDohjEMVCK1BV5rDGAHV8WVt/2MJ/j83CXUpydzyMhdM4lMchg==",
      "dev": true,
      "peerDependencies": {
        "@pixi/core": "7.3.2"
      }
    },
    "node_modules/@pixi/filter-fxaa": {
      "version": "7.3.2",
      "resolved": "https://registry.npmjs.org/@pixi/filter-fxaa/-/filter-fxaa-7.3.2.tgz",
      "integrity": "sha512-9brtlxDnQTZk2XiFBKdBK9e+8CX9LdxxcL7LRpjEyiHuAPvTlQgu9B85LrJ4GzWKqJJKaIIZBzhIoiCLUnfeXg==",
      "dev": true,
      "peerDependencies": {
        "@pixi/core": "7.3.2"
      }
    },
    "node_modules/@pixi/filter-noise": {
      "version": "7.3.2",
      "resolved": "https://registry.npmjs.org/@pixi/filter-noise/-/filter-noise-7.3.2.tgz",
      "integrity": "sha512-F8GQQ20n7tCjThX6GCXckiXz2YffOCxicTJ0oat9aVDZh+sVsAxYX0aKSdHh0hhv18F0yuc6tPsSL5DYb63xFg==",
      "dev": true,
      "peerDependencies": {
        "@pixi/core": "7.3.2"
      }
    },
    "node_modules/@pixi/graphics": {
      "version": "7.3.2",
      "resolved": "https://registry.npmjs.org/@pixi/graphics/-/graphics-7.3.2.tgz",
      "integrity": "sha512-PhU6j1yub4tH/s+/gqByzgZ3mLv1mfb6iGXbquycg3+WypcxHZn0opFtI/axsazaQ9SEaWxw1m3i40WG5ANH5g==",
      "dev": true,
      "peerDependencies": {
        "@pixi/core": "7.3.2",
        "@pixi/display": "7.3.2",
        "@pixi/sprite": "7.3.2"
      }
    },
    "node_modules/@pixi/math": {
      "version": "7.3.2",
      "resolved": "https://registry.npmjs.org/@pixi/math/-/math-7.3.2.tgz",
      "integrity": "sha512-dutoZ0IVJ5ME7UtYNo2szu4D7qsgtJB7e3ylujBVu7BOP2e710BVtFwFSFV768N14h9H5roGnuzVoDiJac2u+w==",
      "dev": true
    },
    "node_modules/@pixi/mesh": {
      "version": "7.3.2",
      "resolved": "https://registry.npmjs.org/@pixi/mesh/-/mesh-7.3.2.tgz",
      "integrity": "sha512-LFkt7ELYXQLgbgHpjl68j6JD5ejUwma8zoPn2gqSBbY+6pK/phjvV1Wkh76muF46VvNulgXF0+qLIDdCsfrDaA==",
      "dev": true,
      "peerDependencies": {
        "@pixi/core": "7.3.2",
        "@pixi/display": "7.3.2"
      }
    },
    "node_modules/@pixi/mesh-extras": {
      "version": "7.3.2",
      "resolved": "https://registry.npmjs.org/@pixi/mesh-extras/-/mesh-extras-7.3.2.tgz",
      "integrity": "sha512-s/tg9TsTZZxLEdCDKWnBChDGkc041HCTP7ykJv4fEROzb9B0lskULYyvv+/YNNKa2Ugb9WnkMknpOdOXCpjyyg==",
      "dev": true,
      "peerDependencies": {
        "@pixi/core": "7.3.2",
        "@pixi/mesh": "7.3.2"
      }
    },
    "node_modules/@pixi/mixin-cache-as-bitmap": {
      "version": "7.3.2",
      "resolved": "https://registry.npmjs.org/@pixi/mixin-cache-as-bitmap/-/mixin-cache-as-bitmap-7.3.2.tgz",
      "integrity": "sha512-bZRlyUN5+9kCUjn67V0IFtYIrbmx9Vs4sMOmXyrX3Q4B4gPLE46IzZz3v0IVaTjp32udlQztfJalIaWbuqgb3A==",
      "dev": true,
      "peerDependencies": {
        "@pixi/core": "7.3.2",
        "@pixi/display": "7.3.2",
        "@pixi/sprite": "7.3.2"
      }
    },
    "node_modules/@pixi/mixin-get-child-by-name": {
      "version": "7.3.2",
      "resolved": "https://registry.npmjs.org/@pixi/mixin-get-child-by-name/-/mixin-get-child-by-name-7.3.2.tgz",
      "integrity": "sha512-mbUi3WxXrkViH7qOgjk4fu2BN36NwNb7u+Fy1J5dS8Bntj57ZVKmEV9PbUy0zYjXE8rVmeAvSu/2kbn5n9UutQ==",
      "dev": true,
      "peerDependencies": {
        "@pixi/display": "7.3.2"
      }
    },
    "node_modules/@pixi/mixin-get-global-position": {
      "version": "7.3.2",
      "resolved": "https://registry.npmjs.org/@pixi/mixin-get-global-position/-/mixin-get-global-position-7.3.2.tgz",
      "integrity": "sha512-1nhWbBgmw6rK7yQJxzeI9yjKYYEkM5i3pee8qVu4YWo3b1xWVQA7osQG7aGM/4qywDkXaA1ZvciA5hfg6f4Q5Q==",
      "dev": true,
      "peerDependencies": {
        "@pixi/core": "7.3.2",
        "@pixi/display": "7.3.2"
      }
    },
    "node_modules/@pixi/particle-container": {
      "version": "7.3.2",
      "resolved": "https://registry.npmjs.org/@pixi/particle-container/-/particle-container-7.3.2.tgz",
      "integrity": "sha512-JYc4j4z97KmxyLp+1Lg0SNi8hy6RxcBBNQGk+CSLNXeDWxx3hykT5gj/ORX1eXyzHh1ZCG1XzeVS9Yr8QhlFHA==",
      "dev": true,
      "peerDependencies": {
        "@pixi/core": "7.3.2",
        "@pixi/display": "7.3.2",
        "@pixi/sprite": "7.3.2"
      }
    },
    "node_modules/@pixi/prepare": {
      "version": "7.3.2",
      "resolved": "https://registry.npmjs.org/@pixi/prepare/-/prepare-7.3.2.tgz",
      "integrity": "sha512-aLPAXSYLUhMwxzJtn9m0TSZe+dQlZCt09QNBqYbSi8LZId54QMDyvfBb4zBOJZrD2xAZgYL5RIJuKHwZtFX6lQ==",
      "dev": true,
      "peerDependencies": {
        "@pixi/core": "7.3.2",
        "@pixi/display": "7.3.2",
        "@pixi/graphics": "7.3.2",
        "@pixi/text": "7.3.2"
      }
    },
    "node_modules/@pixi/runner": {
      "version": "7.3.2",
      "resolved": "https://registry.npmjs.org/@pixi/runner/-/runner-7.3.2.tgz",
      "integrity": "sha512-maKotoKJCQiQGBJwfM+iYdQKjrPN/Tn9+72F4WIf706zp/5vKoxW688Rsktg5BX4Mcn7ZkZvcJYTxj2Mv87lFA==",
      "dev": true
    },
    "node_modules/@pixi/settings": {
      "version": "7.3.2",
      "resolved": "https://registry.npmjs.org/@pixi/settings/-/settings-7.3.2.tgz",
      "integrity": "sha512-vtxzuARDTbFe0fRYSqB53B+mPpX7v+QjjnCUmVMVvZiWr3QcngMWVml6c6dQDln7IakWoKZRrNG4FpggvDgLVg==",
      "dev": true,
      "dependencies": {
        "@pixi/constants": "7.3.2",
        "@types/css-font-loading-module": "^0.0.7",
        "ismobilejs": "^1.1.0"
      }
    },
    "node_modules/@pixi/settings/node_modules/@types/css-font-loading-module": {
      "version": "0.0.7",
      "resolved": "https://registry.npmjs.org/@types/css-font-loading-module/-/css-font-loading-module-0.0.7.tgz",
      "integrity": "sha512-nl09VhutdjINdWyXxHWN/w9zlNCfr60JUqJbd24YXUuCwgeL0TpFSdElCwb6cxfB6ybE19Gjj4g0jsgkXxKv1Q==",
      "dev": true
    },
    "node_modules/@pixi/sprite": {
      "version": "7.3.2",
      "resolved": "https://registry.npmjs.org/@pixi/sprite/-/sprite-7.3.2.tgz",
      "integrity": "sha512-IpWTKXExJNXVcY7ITopJ+JW48DahdbCo/81D2IYzBImq3jyiJM2Km5EoJgvAM5ZQ3Ev3KPPIBzYLD+HoPWcxdw==",
      "dev": true,
      "peerDependencies": {
        "@pixi/core": "7.3.2",
        "@pixi/display": "7.3.2"
      }
    },
    "node_modules/@pixi/sprite-animated": {
      "version": "7.3.2",
      "resolved": "https://registry.npmjs.org/@pixi/sprite-animated/-/sprite-animated-7.3.2.tgz",
      "integrity": "sha512-j9pyUe4cefxE9wecNfbWQyL5fBQKvCGYaOA0DE1X46ukBHrIuhA8u3jg2X3N3r4IcbVvxpWFYDrDsWXWeiBmSw==",
      "dev": true,
      "peerDependencies": {
        "@pixi/core": "7.3.2",
        "@pixi/sprite": "7.3.2"
      }
    },
    "node_modules/@pixi/sprite-tiling": {
      "version": "7.3.2",
      "resolved": "https://registry.npmjs.org/@pixi/sprite-tiling/-/sprite-tiling-7.3.2.tgz",
      "integrity": "sha512-tWVVb/rMIx5AczfUrVxa0dZaIufP5C0IOL7IGfFUDQqDu5JSAUC0mwLe4F12jAXBVsqYhCGYx5bIHbPiI5vcSQ==",
      "dev": true,
      "peerDependencies": {
        "@pixi/core": "7.3.2",
        "@pixi/display": "7.3.2",
        "@pixi/sprite": "7.3.2"
      }
    },
    "node_modules/@pixi/spritesheet": {
      "version": "7.3.2",
      "resolved": "https://registry.npmjs.org/@pixi/spritesheet/-/spritesheet-7.3.2.tgz",
      "integrity": "sha512-UkwqrPYDqrEdK5ub9qn/9VBvt5caA8ffV5iYR6ssCvrpaQovBKmS+b5pr/BYf8xNTExDpR3OmPIo8iDEYWWLuw==",
      "dev": true,
      "peerDependencies": {
        "@pixi/assets": "7.3.2",
        "@pixi/core": "7.3.2"
      }
    },
    "node_modules/@pixi/text": {
      "version": "7.3.2",
      "resolved": "https://registry.npmjs.org/@pixi/text/-/text-7.3.2.tgz",
      "integrity": "sha512-LdtNj+K5tPB/0UcDcO52M/C7xhwFTGFhtdF42fPhRuJawM23M3zm1Y8PapXv+mury+IxCHT1w30YlAi0qTVpKQ==",
      "dev": true,
      "peerDependencies": {
        "@pixi/core": "7.3.2",
        "@pixi/sprite": "7.3.2"
      }
    },
    "node_modules/@pixi/text-bitmap": {
      "version": "7.3.2",
      "resolved": "https://registry.npmjs.org/@pixi/text-bitmap/-/text-bitmap-7.3.2.tgz",
      "integrity": "sha512-p8KLgtZSPowWU/Zj+GVtfsUT8uGYo4TtKKYbLoWuxkRA5Pc1+4C9/rV/EOSFfoZIdW5C+iFg5VxRgBllUQf+aA==",
      "dev": true,
      "peerDependencies": {
        "@pixi/assets": "7.3.2",
        "@pixi/core": "7.3.2",
        "@pixi/display": "7.3.2",
        "@pixi/mesh": "7.3.2",
        "@pixi/text": "7.3.2"
      }
    },
    "node_modules/@pixi/text-html": {
      "version": "7.3.2",
      "resolved": "https://registry.npmjs.org/@pixi/text-html/-/text-html-7.3.2.tgz",
      "integrity": "sha512-IYhBWEPOvqUtlHkS5/c1Hseuricj5jrrGd21ivcvHmcnK/x2m+CRGvvzeBp1mqoYBnDbQVrD2wSXSe4Dv9tEJA==",
      "dev": true,
      "peerDependencies": {
        "@pixi/core": "7.3.2",
        "@pixi/display": "7.3.2",
        "@pixi/sprite": "7.3.2",
        "@pixi/text": "7.3.2"
      }
    },
    "node_modules/@pixi/ticker": {
      "version": "7.3.2",
      "resolved": "https://registry.npmjs.org/@pixi/ticker/-/ticker-7.3.2.tgz",
      "integrity": "sha512-5kIPhBeXwDJohCzKzJJ6T7f1oAGbHAgeiwOjlTO+9lNXUX8ZPj0407V3syuF+64kFqJzIBCznBRpI+fmT4c9SA==",
      "dev": true,
      "dependencies": {
        "@pixi/extensions": "7.3.2",
        "@pixi/settings": "7.3.2",
        "@pixi/utils": "7.3.2"
      }
    },
    "node_modules/@pixi/utils": {
      "version": "7.3.2",
      "resolved": "https://registry.npmjs.org/@pixi/utils/-/utils-7.3.2.tgz",
      "integrity": "sha512-KhNvj9YcY7Zi2dTKZgDpx8C6OxKKR541vwtG6JgdBZZYDeMBOIghN2Vi5zn4diW5BhDfHBmdSJ1wZXEtE2MDwg==",
      "dev": true,
      "dependencies": {
        "@pixi/color": "7.3.2",
        "@pixi/constants": "7.3.2",
        "@pixi/settings": "7.3.2",
        "@types/earcut": "^2.1.0",
        "earcut": "^2.2.4",
        "eventemitter3": "^4.0.0",
        "url": "^0.11.0"
      }
    },
    "node_modules/@types/css-font-loading-module": {
      "version": "0.0.13",
      "resolved": "https://registry.npmjs.org/@types/css-font-loading-module/-/css-font-loading-module-0.0.13.tgz",
      "integrity": "sha512-EnmFmshMT9rD3yohKkrbMMrRULUVkZbUAJFrFFO12mxiFWQvRKDQYsK1CB8tSUYZQ+uUui5RBvENNHqhL9xqgQ==",
      "dev": true
    },
    "node_modules/@types/earcut": {
      "version": "2.1.3",
      "resolved": "https://registry.npmjs.org/@types/earcut/-/earcut-2.1.3.tgz",
      "integrity": "sha512-pskpibEbm73+7nA9RqxGEnAiALRO92DdoSVxasyjGrqzEndaSDjFG73GCtstMzhdOowZMItVw2fhTdxVrY221w==",
      "dev": true
    },
    "node_modules/@types/offscreencanvas": {
      "version": "2019.7.2",
      "resolved": "https://registry.npmjs.org/@types/offscreencanvas/-/offscreencanvas-2019.7.2.tgz",
      "integrity": "sha512-ujCjOxeA07IbEBQYAkoOI+XFw5sT3nhWJ/xZfPR6reJppDG7iPQPZacQiLTtWH1b3a2NYXWlxvYqa40y/LAixQ==",
      "dev": true
    },
    "node_modules/call-bind": {
      "version": "1.0.5",
      "resolved": "https://registry.npmjs.org/call-bind/-/call-bind-1.0.5.tgz",
      "integrity": "sha512-C3nQxfFZxFRVoJoGKKI8y3MOEo129NQ+FgQ08iye+Mk4zNZZGdjfs06bVTr+DBSlA66Q2VEcMki/cUCP4SercQ==",
      "dev": true,
      "dependencies": {
        "function-bind": "^1.1.2",
        "get-intrinsic": "^1.2.1",
        "set-function-length": "^1.1.1"
      },
      "funding": {
        "url": "https://github.com/sponsors/ljharb"
      }
    },
    "node_modules/define-data-property": {
      "version": "1.1.1",
      "resolved": "https://registry.npmjs.org/define-data-property/-/define-data-property-1.1.1.tgz",
      "integrity": "sha512-E7uGkTzkk1d0ByLeSc6ZsFS79Axg+m1P/VsgYsxHgiuc3tFSj+MjMIwe90FC4lOAZzNBdY7kkO2P2wKdsQ1vgQ==",
      "dev": true,
      "dependencies": {
        "get-intrinsic": "^1.2.1",
        "gopd": "^1.0.1",
        "has-property-descriptors": "^1.0.0"
      },
      "engines": {
        "node": ">= 0.4"
      }
    },
    "node_modules/earcut": {
      "version": "2.2.4",
      "resolved": "https://registry.npmjs.org/earcut/-/earcut-2.2.4.tgz",
      "integrity": "sha512-/pjZsA1b4RPHbeWZQn66SWS8nZZWLQQ23oE3Eam7aroEFGEvwKAsJfZ9ytiEMycfzXWpca4FA9QIOehf7PocBQ==",
      "dev": true
    },
    "node_modules/eventemitter3": {
      "version": "4.0.7",
      "resolved": "https://registry.npmjs.org/eventemitter3/-/eventemitter3-4.0.7.tgz",
      "integrity": "sha512-8guHBZCwKnFhYdHr2ysuRWErTwhoN2X8XELRlrRwpmfeY2jjuUN4taQMsULKUVo1K4DvZl+0pgfyoysHxvmvEw==",
      "dev": true
    },
    "node_modules/function-bind": {
      "version": "1.1.2",
      "resolved": "https://registry.npmjs.org/function-bind/-/function-bind-1.1.2.tgz",
      "integrity": "sha512-7XHNxH7qX9xG5mIwxkhumTox/MIRNcOgDrxWsMt2pAr23WHp6MrRlN7FBSFpCpr+oVO0F744iUgR82nJMfG2SA==",
      "dev": true,
      "funding": {
        "url": "https://github.com/sponsors/ljharb"
      }
    },
    "node_modules/get-intrinsic": {
      "version": "1.2.2",
      "resolved": "https://registry.npmjs.org/get-intrinsic/-/get-intrinsic-1.2.2.tgz",
      "integrity": "sha512-0gSo4ml/0j98Y3lngkFEot/zhiCeWsbYIlZ+uZOVgzLyLaUw7wxUL+nCTP0XJvJg1AXulJRI3UJi8GsbDuxdGA==",
      "dev": true,
      "dependencies": {
        "function-bind": "^1.1.2",
        "has-proto": "^1.0.1",
        "has-symbols": "^1.0.3",
        "hasown": "^2.0.0"
      },
      "funding": {
        "url": "https://github.com/sponsors/ljharb"
      }
    },
    "node_modules/gopd": {
      "version": "1.0.1",
      "resolved": "https://registry.npmjs.org/gopd/-/gopd-1.0.1.tgz",
      "integrity": "sha512-d65bNlIadxvpb/A2abVdlqKqV563juRnZ1Wtk6s1sIR8uNsXR70xqIzVqxVf1eTqDunwT2MkczEeaezCKTZhwA==",
      "dev": true,
      "dependencies": {
        "get-intrinsic": "^1.1.3"
      },
      "funding": {
        "url": "https://github.com/sponsors/ljharb"
      }
    },
    "node_modules/has-property-descriptors": {
      "version": "1.0.1",
      "resolved": "https://registry.npmjs.org/has-property-descriptors/-/has-property-descriptors-1.0.1.tgz",
      "integrity": "sha512-VsX8eaIewvas0xnvinAe9bw4WfIeODpGYikiWYLH+dma0Jw6KHYqWiWfhQlgOVK8D6PvjubK5Uc4P0iIhIcNVg==",
      "dev": true,
      "dependencies": {
        "get-intrinsic": "^1.2.2"
      },
      "funding": {
        "url": "https://github.com/sponsors/ljharb"
      }
    },
    "node_modules/has-proto": {
      "version": "1.0.1",
      "resolved": "https://registry.npmjs.org/has-proto/-/has-proto-1.0.1.tgz",
      "integrity": "sha512-7qE+iP+O+bgF9clE5+UoBFzE65mlBiVj3tKCrlNQ0Ogwm0BjpT/gK4SlLYDMybDh5I3TCTKnPPa0oMG7JDYrhg==",
      "dev": true,
      "engines": {
        "node": ">= 0.4"
      },
      "funding": {
        "url": "https://github.com/sponsors/ljharb"
      }
    },
    "node_modules/has-symbols": {
      "version": "1.0.3",
      "resolved": "https://registry.npmjs.org/has-symbols/-/has-symbols-1.0.3.tgz",
      "integrity": "sha512-l3LCuF6MgDNwTDKkdYGEihYjt5pRPbEg46rtlmnSPlUbgmB8LOIrKJbYYFBSbnPaJexMKtiPO8hmeRjRz2Td+A==",
      "dev": true,
      "engines": {
        "node": ">= 0.4"
      },
      "funding": {
        "url": "https://github.com/sponsors/ljharb"
      }
    },
    "node_modules/hasown": {
      "version": "2.0.0",
      "resolved": "https://registry.npmjs.org/hasown/-/hasown-2.0.0.tgz",
      "integrity": "sha512-vUptKVTpIJhcczKBbgnS+RtcuYMB8+oNzPK2/Hp3hanz8JmpATdmmgLgSaadVREkDm+e2giHwY3ZRkyjSIDDFA==",
      "dev": true,
      "dependencies": {
        "function-bind": "^1.1.2"
      },
      "engines": {
        "node": ">= 0.4"
      }
    },
    "node_modules/ismobilejs": {
      "version": "1.1.1",
      "resolved": "https://registry.npmjs.org/ismobilejs/-/ismobilejs-1.1.1.tgz",
      "integrity": "sha512-VaFW53yt8QO61k2WJui0dHf4SlL8lxBofUuUmwBo0ljPk0Drz2TiuDW4jo3wDcv41qy/SxrJ+VAzJ/qYqsmzRw==",
      "dev": true
    },
    "node_modules/object-inspect": {
      "version": "1.13.1",
      "resolved": "https://registry.npmjs.org/object-inspect/-/object-inspect-1.13.1.tgz",
      "integrity": "sha512-5qoj1RUiKOMsCCNLV1CBiPYE10sziTsnmNxkAI/rZhiD63CF7IqdFGC/XzjWjpSgLf0LxXX3bDFIh0E18f6UhQ==",
      "dev": true,
      "funding": {
        "url": "https://github.com/sponsors/ljharb"
      }
    },
    "node_modules/pixi.js": {
      "version": "7.3.2",
      "resolved": "https://registry.npmjs.org/pixi.js/-/pixi.js-7.3.2.tgz",
      "integrity": "sha512-GJickUrT3UcBInGT1CU6cv2oktCdocE5QM74CD3t+weiJPPWIzleNlp7zrBR5QIDdU6bEO8CUgUXH2Y9QvlCMw==",
      "dev": true,
      "dependencies": {
        "@pixi/accessibility": "7.3.2",
        "@pixi/app": "7.3.2",
        "@pixi/assets": "7.3.2",
        "@pixi/compressed-textures": "7.3.2",
        "@pixi/core": "7.3.2",
        "@pixi/display": "7.3.2",
        "@pixi/events": "7.3.2",
        "@pixi/extensions": "7.3.2",
        "@pixi/extract": "7.3.2",
        "@pixi/filter-alpha": "7.3.2",
        "@pixi/filter-blur": "7.3.2",
        "@pixi/filter-color-matrix": "7.3.2",
        "@pixi/filter-displacement": "7.3.2",
        "@pixi/filter-fxaa": "7.3.2",
        "@pixi/filter-noise": "7.3.2",
        "@pixi/graphics": "7.3.2",
        "@pixi/mesh": "7.3.2",
        "@pixi/mesh-extras": "7.3.2",
        "@pixi/mixin-cache-as-bitmap": "7.3.2",
        "@pixi/mixin-get-child-by-name": "7.3.2",
        "@pixi/mixin-get-global-position": "7.3.2",
        "@pixi/particle-container": "7.3.2",
        "@pixi/prepare": "7.3.2",
        "@pixi/sprite": "7.3.2",
        "@pixi/sprite-animated": "7.3.2",
        "@pixi/sprite-tiling": "7.3.2",
        "@pixi/spritesheet": "7.3.2",
        "@pixi/text": "7.3.2",
        "@pixi/text-bitmap": "7.3.2",
        "@pixi/text-html": "7.3.2"
      },
      "funding": {
        "type": "opencollective",
        "url": "https://opencollective.com/pixijs"
      }
    },
    "node_modules/punycode": {
      "version": "1.4.1",
      "resolved": "https://registry.npmjs.org/punycode/-/punycode-1.4.1.tgz",
      "integrity": "sha512-jmYNElW7yvO7TV33CjSmvSiE2yco3bV2czu/OzDKdMNVZQWfxCblURLhf+47syQRBntjfLdd/H0egrzIG+oaFQ==",
      "dev": true
    },
    "node_modules/qs": {
      "version": "6.11.2",
      "resolved": "https://registry.npmjs.org/qs/-/qs-6.11.2.tgz",
      "integrity": "sha512-tDNIz22aBzCDxLtVH++VnTfzxlfeK5CbqohpSqpJgj1Wg/cQbStNAz3NuqCs5vV+pjBsK4x4pN9HlVh7rcYRiA==",
      "dev": true,
      "dependencies": {
        "side-channel": "^1.0.4"
      },
      "engines": {
        "node": ">=0.6"
      },
      "funding": {
        "url": "https://github.com/sponsors/ljharb"
      }
    },
    "node_modules/set-function-length": {
      "version": "1.1.1",
      "resolved": "https://registry.npmjs.org/set-function-length/-/set-function-length-1.1.1.tgz",
      "integrity": "sha512-VoaqjbBJKiWtg4yRcKBQ7g7wnGnLV3M8oLvVWwOk2PdYY6PEFegR1vezXR0tw6fZGF9csVakIRjrJiy2veSBFQ==",
      "dev": true,
      "dependencies": {
        "define-data-property": "^1.1.1",
        "get-intrinsic": "^1.2.1",
        "gopd": "^1.0.1",
        "has-property-descriptors": "^1.0.0"
      },
      "engines": {
        "node": ">= 0.4"
      }
    },
    "node_modules/side-channel": {
      "version": "1.0.4",
      "resolved": "https://registry.npmjs.org/side-channel/-/side-channel-1.0.4.tgz",
      "integrity": "sha512-q5XPytqFEIKHkGdiMIrY10mvLRvnQh42/+GoBlFW3b2LXLE2xxJpZFdm94we0BaoV3RwJyGqg5wS7epxTv0Zvw==",
      "dev": true,
      "dependencies": {
        "call-bind": "^1.0.0",
        "get-intrinsic": "^1.0.2",
        "object-inspect": "^1.9.0"
      },
      "funding": {
        "url": "https://github.com/sponsors/ljharb"
      }
    },
    "node_modules/typescript": {
      "version": "5.1.6",
      "resolved": "https://registry.npmjs.org/typescript/-/typescript-5.1.6.tgz",
      "integrity": "sha512-zaWCozRZ6DLEWAWFrVDz1H6FVXzUSfTy5FUMWsQlU8Ym5JP9eO4xkTIROFCQvhQf61z6O/G6ugw3SgAnvvm+HA==",
      "dev": true,
      "bin": {
        "tsc": "bin/tsc",
        "tsserver": "bin/tsserver"
      },
      "engines": {
        "node": ">=14.17"
      }
    },
    "node_modules/url": {
      "version": "0.11.3",
      "resolved": "https://registry.npmjs.org/url/-/url-0.11.3.tgz",
      "integrity": "sha512-6hxOLGfZASQK/cijlZnZJTq8OXAkt/3YGfQX45vvMYXpZoo8NdWZcY73K108Jf759lS1Bv/8wXnHDTSz17dSRw==",
      "dev": true,
      "dependencies": {
        "punycode": "^1.4.1",
        "qs": "^6.11.2"
      }
    }
  }
}
