{
	"name": "pixi-actions",
	"version": "1.1.11",
	"lockfileVersion": 3,
	"requires": true,
	"packages": {
		"": {
			"name": "pixi-actions",
			"version": "1.1.11",
			"license": "MIT",
			"devDependencies": {
				"@types/css-font-loading-module": "^0.0.13",
				"pixi.js": ">8.0.0",
				"typescript": "~5.1.3"
			},
			"peerDependencies": {
				"pixi.js": ">8.0.0"
			}
		},
		"node_modules/@pixi/colord": {
			"version": "2.9.6",
			"resolved": "https://registry.npmjs.org/@pixi/colord/-/colord-2.9.6.tgz",
			"integrity": "sha512-nezytU2pw587fQstUu1AsJZDVEynjskwOL+kibwcdxsMBFqPsFFNA7xl0ii/gXuDi6M0xj3mfRJj8pBSc2jCfA==",
			"dev": true
		},
		"node_modules/@types/css-font-loading-module": {
			"version": "0.0.13",
			"resolved": "https://registry.npmjs.org/@types/css-font-loading-module/-/css-font-loading-module-0.0.13.tgz",
			"integrity": "sha512-EnmFmshMT9rD3yohKkrbMMrRULUVkZbUAJFrFFO12mxiFWQvRKDQYsK1CB8tSUYZQ+uUui5RBvENNHqhL9xqgQ==",
			"dev": true
		},
		"node_modules/@types/earcut": {
			"version": "2.1.4",
			"resolved": "https://registry.npmjs.org/@types/earcut/-/earcut-2.1.4.tgz",
			"integrity": "sha512-qp3m9PPz4gULB9MhjGID7wpo3gJ4bTGXm7ltNDsmOvsPduTeHp8wSW9YckBj3mljeOh4F0m2z/0JKAALRKbmLQ==",
			"dev": true
		},
		"node_modules/@webgpu/types": {
			"version": "0.1.45",
			"resolved": "https://registry.npmjs.org/@webgpu/types/-/types-0.1.45.tgz",
			"integrity": "sha512-0TBBF/mhakJoK0qUWCZugBnh23x+VwmYA5RLmtNQwvZt1pQ4P2fzIvQUiSe6jxzkBi4GF8R4BejJjro0ZSoSXQ==",
			"dev": true
		},
		"node_modules/@xmldom/xmldom": {
			"version": "0.8.10",
			"resolved": "https://registry.npmjs.org/@xmldom/xmldom/-/xmldom-0.8.10.tgz",
			"integrity": "sha512-2WALfTl4xo2SkGCYRt6rDTFfk9R1czmBvUQy12gK2KuRKIpWEhcbbzy8EZXtz/jkRqHX8bFEc6FC1HjX4TUWYw==",
			"dev": true,
			"engines": {
				"node": ">=10.0.0"
			}
		},
		"node_modules/earcut": {
			"version": "2.2.4",
			"resolved": "https://registry.npmjs.org/earcut/-/earcut-2.2.4.tgz",
			"integrity": "sha512-/pjZsA1b4RPHbeWZQn66SWS8nZZWLQQ23oE3Eam7aroEFGEvwKAsJfZ9ytiEMycfzXWpca4FA9QIOehf7PocBQ==",
			"dev": true
		},
		"node_modules/eventemitter3": {
			"version": "5.0.1",
			"resolved": "https://registry.npmjs.org/eventemitter3/-/eventemitter3-5.0.1.tgz",
			"integrity": "sha512-GWkBvjiSZK87ELrYOSESUYeVIc9mvLLf/nXalMOS5dYrgZq9o5OVkbZAVM06CVxYsCwH9BDZFPlQTlPA1j4ahA==",
			"dev": true
		},
		"node_modules/ismobilejs": {
			"version": "1.1.1",
			"resolved": "https://registry.npmjs.org/ismobilejs/-/ismobilejs-1.1.1.tgz",
			"integrity": "sha512-VaFW53yt8QO61k2WJui0dHf4SlL8lxBofUuUmwBo0ljPk0Drz2TiuDW4jo3wDcv41qy/SxrJ+VAzJ/qYqsmzRw==",
			"dev": true
		},
		"node_modules/parse-svg-path": {
			"version": "0.1.2",
			"resolved": "https://registry.npmjs.org/parse-svg-path/-/parse-svg-path-0.1.2.tgz",
			"integrity": "sha512-JyPSBnkTJ0AI8GGJLfMXvKq42cj5c006fnLz6fXy6zfoVjJizi8BNTpu8on8ziI1cKy9d9DGNuY17Ce7wuejpQ==",
			"dev": true
		},
		"node_modules/pixi.js": {
			"version": "8.4.0",
			"resolved": "https://registry.npmjs.org/pixi.js/-/pixi.js-8.4.0.tgz",
			"integrity": "sha512-IM0YDv7G9XATtD/sPgbEi6FoLg82+XSqejzeCWg575vEyuQGs4RrdVFSV/K/i2PeXr/sLxiHRJDOGuotBUlldA==",
			"dev": true,
			"dependencies": {
				"@pixi/colord": "^2.9.6",
				"@types/css-font-loading-module": "^0.0.12",
				"@types/earcut": "^2.1.4",
				"@webgpu/types": "^0.1.40",
				"@xmldom/xmldom": "^0.8.10",
				"earcut": "^2.2.4",
				"eventemitter3": "^5.0.1",
				"ismobilejs": "^1.1.1",
				"parse-svg-path": "^0.1.2"
			}
		},
		"node_modules/pixi.js/node_modules/@types/css-font-loading-module": {
			"version": "0.0.12",
			"resolved": "https://registry.npmjs.org/@types/css-font-loading-module/-/css-font-loading-module-0.0.12.tgz",
			"integrity": "sha512-x2tZZYkSxXqWvTDgveSynfjq/T2HyiZHXb00j/+gy19yp70PHCizM48XFdjBCWH7eHBD0R5i/pw9yMBP/BH5uA==",
			"dev": true
		},
		"node_modules/typescript": {
			"version": "5.1.6",
			"resolved": "https://registry.npmjs.org/typescript/-/typescript-5.1.6.tgz",
			"integrity": "sha512-zaWCozRZ6DLEWAWFrVDz1H6FVXzUSfTy5FUMWsQlU8Ym5JP9eO4xkTIROFCQvhQf61z6O/G6ugw3SgAnvvm+HA==",
			"dev": true,
			"bin": {
				"tsc": "bin/tsc",
				"tsserver": "bin/tsserver"
			},
			"engines": {
				"node": ">=14.17"
			}
		}
	}
}
