{
  "name": "pixi-actions",
  "version": "1.0.6",
  "lockfileVersion": 2,
  "requires": true,
  "packages": {
    "": {
      "name": "pixi-actions",
      "version": "1.0.6",
      "license": "MIT",
      "devDependencies": {
        "pixi.js": "^6.0.0",
        "typescript": "^4.2.3"
      },
      "peerDependencies": {
        "pixi.js": "^6.0.0"
      }
    },
    "node_modules/@pixi/accessibility": {
      "version": "6.0.0",
      "resolved": "https://registry.npmjs.org/@pixi/accessibility/-/accessibility-6.0.0.tgz",
      "integrity": "sha512-AuwFGRUF7I+D3B1FJKJq8j6bkgWLpJEdwqY8NxnmRTgQXh/XkiXtkZp4Iiinh3ivoCs6xdfz/p7ekOyHfFdZ0Q==",
      "dev": true,
      "dependencies": {
        "@pixi/canvas-renderer": "6.0.0",
        "@pixi/core": "6.0.0",
        "@pixi/display": "6.0.0",
        "@pixi/utils": "6.0.0"
      }
    },
    "node_modules/@pixi/app": {
      "version": "6.0.0",
      "resolved": "https://registry.npmjs.org/@pixi/app/-/app-6.0.0.tgz",
      "integrity": "sha512-axT7HgVHbjzgiy2xuilBDNmivQz3Nm+ZLjU9hiK6iVWp7tOkCTP7VZg5JW4VWiTQrc3GiJLY9FaRb6vxDV3+Gw==",
      "dev": true,
      "dependencies": {
        "@pixi/core": "6.0.0",
        "@pixi/display": "6.0.0"
      }
    },
    "node_modules/@pixi/canvas-renderer": {
      "version": "6.0.0",
      "resolved": "https://registry.npmjs.org/@pixi/canvas-renderer/-/canvas-renderer-6.0.0.tgz",
      "integrity": "sha512-KKh1AsKuk91QLgGbsngUZA4Ig1hZsRoxS13N0eXw+mJfuHag5pARAeZvn/6kc7xJAqX/p+n6GNtOq85PK6FiQg==",
      "dev": true,
      "dependencies": {
        "@pixi/constants": "6.0.0",
        "@pixi/core": "6.0.0",
        "@pixi/math": "6.0.0",
        "@pixi/settings": "6.0.0",
        "@pixi/utils": "6.0.0"
      }
    },
    "node_modules/@pixi/compressed-textures": {
      "version": "6.0.0",
      "resolved": "https://registry.npmjs.org/@pixi/compressed-textures/-/compressed-textures-6.0.0.tgz",
      "integrity": "sha512-K6uEpd0RinapAyuMQGdj+PtHV5eD93zGo9rgxLEpjNlAZMQdtvHrsE+jBGu7LPxJLTs6P72BOajTp9tTkXLBkA==",
      "dev": true,
      "dependencies": {
        "@pixi/constants": "6.0.0",
        "@pixi/core": "6.0.0",
        "@pixi/loaders": "6.0.0"
      }
    },
    "node_modules/@pixi/constants": {
      "version": "6.0.0",
      "resolved": "https://registry.npmjs.org/@pixi/constants/-/constants-6.0.0.tgz",
      "integrity": "sha512-/ZvzxkYjnSOvMhAuGEzSHJ7pgxQ/6VfWyxzYhbZ9U8YRxnU4D5l2MKGIe5XpAMHEFD10t0mYzIC9tMoCrdlBGg==",
      "dev": true
    },
    "node_modules/@pixi/core": {
      "version": "6.0.0",
      "resolved": "https://registry.npmjs.org/@pixi/core/-/core-6.0.0.tgz",
      "integrity": "sha512-hOvl0aLG1nYYw2OzUY1Xot38vnrQl5eshIcfqMjUHmuescwedNPXE7cO7zAiMEW1bdAJMmQ5gT4RVMZTKUx3fg==",
      "dev": true,
      "dependencies": {
        "@pixi/constants": "6.0.0",
        "@pixi/math": "6.0.0",
        "@pixi/runner": "6.0.0",
        "@pixi/settings": "6.0.0",
        "@pixi/ticker": "6.0.0",
        "@pixi/utils": "6.0.0"
      },
      "funding": {
        "type": "opencollective",
        "url": "https://opencollective.com/pixijs"
      }
    },
    "node_modules/@pixi/display": {
      "version": "6.0.0",
      "resolved": "https://registry.npmjs.org/@pixi/display/-/display-6.0.0.tgz",
      "integrity": "sha512-Sl4QLlNlHjB68BojkIK36kJy2/brJ+cVviYITpaRQzOEZRNiWOZPdKaZ4qH1mwzD59LGBvKksBGGeEB/y9XHlw==",
      "dev": true,
      "dependencies": {
        "@pixi/math": "6.0.0",
        "@pixi/settings": "6.0.0",
        "@pixi/utils": "6.0.0"
      }
    },
    "node_modules/@pixi/extract": {
      "version": "6.0.0",
      "resolved": "https://registry.npmjs.org/@pixi/extract/-/extract-6.0.0.tgz",
      "integrity": "sha512-LIhQNOr90kEo2YFRcjsIR5ZRdbtcWWYqtwC6/Zgy5dzuB+JNCiHIqWZTHCJDbzuXnImHM3NP59Zay2nuJsgVAw==",
      "dev": true,
      "dependencies": {
        "@pixi/core": "6.0.0",
        "@pixi/math": "6.0.0",
        "@pixi/utils": "6.0.0"
      }
    },
    "node_modules/@pixi/filter-alpha": {
      "version": "6.0.0",
      "resolved": "https://registry.npmjs.org/@pixi/filter-alpha/-/filter-alpha-6.0.0.tgz",
      "integrity": "sha512-wtsqCIIxYNH8twQ7sYTPnQa3GEBEkwgETglbQrszJIcuWf5sHizZwmV5k12DVJjWlRn5fHczrb9eF6Rye/K47A==",
      "dev": true,
      "dependencies": {
        "@pixi/core": "6.0.0"
      }
    },
    "node_modules/@pixi/filter-blur": {
      "version": "6.0.0",
      "resolved": "https://registry.npmjs.org/@pixi/filter-blur/-/filter-blur-6.0.0.tgz",
      "integrity": "sha512-G0AZ8oCLFmJ1f0wFFPHKP9rKe/Ax4a0JIqIyxTPVdsWyZMUJT3hLK3pVyypnNFt4vJCFUENpG4f69DpIlxJ5AA==",
      "dev": true,
      "dependencies": {
        "@pixi/core": "6.0.0",
        "@pixi/settings": "6.0.0"
      }
    },
    "node_modules/@pixi/filter-color-matrix": {
      "version": "6.0.0",
      "resolved": "https://registry.npmjs.org/@pixi/filter-color-matrix/-/filter-color-matrix-6.0.0.tgz",
      "integrity": "sha512-81LLG54+o7KPRLYqb5hKnHEa+8fvUwcBdzdEvkIw41IXGaxItXd18bDVs5A9hDRSA/DvDxPWR2ogXqnLuxrIRA==",
      "dev": true,
      "dependencies": {
        "@pixi/core": "6.0.0"
      }
    },
    "node_modules/@pixi/filter-displacement": {
      "version": "6.0.0",
      "resolved": "https://registry.npmjs.org/@pixi/filter-displacement/-/filter-displacement-6.0.0.tgz",
      "integrity": "sha512-f439vMHb3VYUQSH9f3Z3o1j3o9ciA+xjzhldc+sXunxabmRn02yNye+u4fJlRoQnLFgGFlQCPlpaSEK+CGygDA==",
      "dev": true,
      "dependencies": {
        "@pixi/core": "6.0.0",
        "@pixi/math": "6.0.0"
      }
    },
    "node_modules/@pixi/filter-fxaa": {
      "version": "6.0.0",
      "resolved": "https://registry.npmjs.org/@pixi/filter-fxaa/-/filter-fxaa-6.0.0.tgz",
      "integrity": "sha512-oSSee1ktf3nYUhH7rf1pfLjxWkliOZiqUo3N0E6mV5kN7RfIWVgyahImDVJdvIlSQYMVW8rg2jOMetp4E9c70g==",
      "dev": true,
      "dependencies": {
        "@pixi/core": "6.0.0"
      }
    },
    "node_modules/@pixi/filter-noise": {
      "version": "6.0.0",
      "resolved": "https://registry.npmjs.org/@pixi/filter-noise/-/filter-noise-6.0.0.tgz",
      "integrity": "sha512-AMWcodsb5FUQGsfZRQs1Qn+YLGu8yScKWPKXhn1fjEP0zgFk2/PFu6CQADOETBrHYie6eqib05vmcFhhV6NN3A==",
      "dev": true,
      "dependencies": {
        "@pixi/core": "6.0.0"
      }
    },
    "node_modules/@pixi/graphics": {
      "version": "6.0.0",
      "resolved": "https://registry.npmjs.org/@pixi/graphics/-/graphics-6.0.0.tgz",
      "integrity": "sha512-JKYlXD6snsNGI28okuhJrLr21FMDLbG2ISSn17P+fKvtUbCyerP0XrItZiMagjnwyoa4kcmk/L6ywQUSNrqe1Q==",
      "dev": true,
      "dependencies": {
        "@pixi/constants": "6.0.0",
        "@pixi/core": "6.0.0",
        "@pixi/display": "6.0.0",
        "@pixi/math": "6.0.0",
        "@pixi/sprite": "6.0.0",
        "@pixi/utils": "6.0.0"
      }
    },
    "node_modules/@pixi/interaction": {
      "version": "6.0.0",
      "resolved": "https://registry.npmjs.org/@pixi/interaction/-/interaction-6.0.0.tgz",
      "integrity": "sha512-tbJEGApuALoMrRVtvozjJnVM+8svIQiyDmLsb8NYI0jS+VhqZCUZPoGRXBnzzOoCM8TfuRV9A8OAgoGOi543pg==",
      "dev": true,
      "dependencies": {
        "@pixi/core": "6.0.0",
        "@pixi/display": "6.0.0",
        "@pixi/math": "6.0.0",
        "@pixi/ticker": "6.0.0",
        "@pixi/utils": "6.0.0"
      }
    },
    "node_modules/@pixi/loaders": {
      "version": "6.0.0",
      "resolved": "https://registry.npmjs.org/@pixi/loaders/-/loaders-6.0.0.tgz",
      "integrity": "sha512-mA0uXNJEDpSsPQZHRCxMViqdopqZgs9RueiqMlXirdnp5S+G56Y71eDZZxa1qJoy4LNJzcVOWqG8vOhLzYEpVQ==",
      "dev": true,
      "dependencies": {
        "@pixi/constants": "6.0.0",
        "@pixi/core": "6.0.0",
        "@pixi/utils": "6.0.0",
        "resource-loader": "^3.0.1"
      }
    },
    "node_modules/@pixi/math": {
      "version": "6.0.0",
      "resolved": "https://registry.npmjs.org/@pixi/math/-/math-6.0.0.tgz",
      "integrity": "sha512-MGt7Gcj9zMCzy/T28mmi8TFfb09ePU+fbqd6VzXv91lmaoc/ZVBDRoYwDA8x5dQTXuuiRicRypXghQccl0X+OQ==",
      "dev": true
    },
    "node_modules/@pixi/mesh": {
      "version": "6.0.0",
      "resolved": "https://registry.npmjs.org/@pixi/mesh/-/mesh-6.0.0.tgz",
      "integrity": "sha512-yxIgDJXb0tklAZLE7dQ7ohVfTZhDZ+C9oU7FQ8uzyAlPrVVI5T7ZxTTfB2qYvfuX1ag3rCjGPqFvG01nG2P5QA==",
      "dev": true,
      "dependencies": {
        "@pixi/constants": "6.0.0",
        "@pixi/core": "6.0.0",
        "@pixi/display": "6.0.0",
        "@pixi/math": "6.0.0",
        "@pixi/settings": "6.0.0",
        "@pixi/utils": "6.0.0"
      }
    },
    "node_modules/@pixi/mesh-extras": {
      "version": "6.0.0",
      "resolved": "https://registry.npmjs.org/@pixi/mesh-extras/-/mesh-extras-6.0.0.tgz",
      "integrity": "sha512-4F+/kZtyWoH6xkyreMTzO8tAj6NnHjJPFhTW4mNB79DoNyeb3JOQbyeaLj+TKvK+x72Hhcu2m7JxDUfstcBCCw==",
      "dev": true,
      "dependencies": {
        "@pixi/constants": "6.0.0",
        "@pixi/core": "6.0.0",
        "@pixi/math": "6.0.0",
        "@pixi/mesh": "6.0.0",
        "@pixi/utils": "6.0.0"
      }
    },
    "node_modules/@pixi/mixin-cache-as-bitmap": {
      "version": "6.0.0",
      "resolved": "https://registry.npmjs.org/@pixi/mixin-cache-as-bitmap/-/mixin-cache-as-bitmap-6.0.0.tgz",
      "integrity": "sha512-ox2KaorNYSYm6vNXSEH1ecwGDRx9NhpXvBH4Gun9XwIgxmVTZrHdRYdWOgAhQnj9L+a7+JwwCGspcpcL4h0QBw==",
      "dev": true,
      "dependencies": {
        "@pixi/canvas-renderer": "6.0.0",
        "@pixi/core": "6.0.0",
        "@pixi/display": "6.0.0",
        "@pixi/math": "6.0.0",
        "@pixi/settings": "6.0.0",
        "@pixi/sprite": "6.0.0",
        "@pixi/utils": "6.0.0"
      }
    },
    "node_modules/@pixi/mixin-get-child-by-name": {
      "version": "6.0.0",
      "resolved": "https://registry.npmjs.org/@pixi/mixin-get-child-by-name/-/mixin-get-child-by-name-6.0.0.tgz",
      "integrity": "sha512-g/8WflW83kfo918WROePmGErRI2rxSCnuRfEkHRYGcsyN3yN/oHyDTgA0UrlLvNk2YM2v3oDjQKmCkD4roA06A==",
      "dev": true,
      "dependencies": {
        "@pixi/display": "6.0.0"
      }
    },
    "node_modules/@pixi/mixin-get-global-position": {
      "version": "6.0.0",
      "resolved": "https://registry.npmjs.org/@pixi/mixin-get-global-position/-/mixin-get-global-position-6.0.0.tgz",
      "integrity": "sha512-1qVfsoHjyWknFAmkhUkgOfOoCw5fE5cNbJ91VcfyUGL5hgw329uqdOqeqAVr06oRNInvMzNM6ePBoD6+8T2qrw==",
      "dev": true,
      "dependencies": {
        "@pixi/display": "6.0.0",
        "@pixi/math": "6.0.0"
      }
    },
    "node_modules/@pixi/particles": {
      "version": "6.0.0",
      "resolved": "https://registry.npmjs.org/@pixi/particles/-/particles-6.0.0.tgz",
      "integrity": "sha512-Q8aWbP7fJEqShJ75WhgMq2v+YbaGyKnYk+8xoyPooIjD+RWx9iibqqsYq4bzaDXL/yl74K32hhFkKB9krj4MMQ==",
      "dev": true,
      "dependencies": {
        "@pixi/constants": "6.0.0",
        "@pixi/core": "6.0.0",
        "@pixi/display": "6.0.0",
        "@pixi/math": "6.0.0",
        "@pixi/utils": "6.0.0"
      }
    },
    "node_modules/@pixi/polyfill": {
      "version": "6.0.0",
      "resolved": "https://registry.npmjs.org/@pixi/polyfill/-/polyfill-6.0.0.tgz",
      "integrity": "sha512-lMjVCEiQYfa9wJgYT75fGbpuMsxF7WLmH05+Zg4a9nZJm7DeQ/D+BjsuxTGKLbjINHCMUA/D8E6utT2u5IGgGA==",
      "dev": true,
      "dependencies": {
        "object-assign": "^4.1.1",
        "promise-polyfill": "^8.2.0"
      }
    },
    "node_modules/@pixi/prepare": {
      "version": "6.0.0",
      "resolved": "https://registry.npmjs.org/@pixi/prepare/-/prepare-6.0.0.tgz",
      "integrity": "sha512-5Iw7vq9Ze71LQsg9F8Fx94vszFB5/E9LcMhn7NJDGbrCawigldqT1GiwJB2SzWBbqn199GDTX1g/ApMdLEt4YA==",
      "dev": true,
      "dependencies": {
        "@pixi/core": "6.0.0",
        "@pixi/display": "6.0.0",
        "@pixi/graphics": "6.0.0",
        "@pixi/settings": "6.0.0",
        "@pixi/text": "6.0.0",
        "@pixi/ticker": "6.0.0"
      }
    },
    "node_modules/@pixi/runner": {
      "version": "6.0.0",
      "resolved": "https://registry.npmjs.org/@pixi/runner/-/runner-6.0.0.tgz",
      "integrity": "sha512-lwlAdtC4PEPy3O0nljYNEZgsBe9AEJ8qZAFkDK+ZHQIgV3uODRIG+8dmzTmMo7pHucvMM9klK29bzBhmXS95eQ==",
      "dev": true
    },
    "node_modules/@pixi/settings": {
      "version": "6.0.0",
      "resolved": "https://registry.npmjs.org/@pixi/settings/-/settings-6.0.0.tgz",
      "integrity": "sha512-AMM39dnYrByL4/qZHNWShJaYQkp0RJ/TA7JNf6cJq/Mq8idumaSdUsrytvbmFDIhNEeFTh9o1EgLzqxxCO7Z+g==",
      "dev": true,
      "dependencies": {
        "ismobilejs": "^1.1.0"
      }
    },
    "node_modules/@pixi/sprite": {
      "version": "6.0.0",
      "resolved": "https://registry.npmjs.org/@pixi/sprite/-/sprite-6.0.0.tgz",
      "integrity": "sha512-17bmwAL/KtY//I3mhZeKeVjoXSmI8yWk+zsTy8L5s95UVUDkyxJ//mc8Sv7ajF2OteLH0yyd+l3Pb/lYazkwBQ==",
      "dev": true,
      "dependencies": {
        "@pixi/constants": "6.0.0",
        "@pixi/core": "6.0.0",
        "@pixi/display": "6.0.0",
        "@pixi/math": "6.0.0",
        "@pixi/settings": "6.0.0",
        "@pixi/utils": "6.0.0"
      }
    },
    "node_modules/@pixi/sprite-animated": {
      "version": "6.0.0",
      "resolved": "https://registry.npmjs.org/@pixi/sprite-animated/-/sprite-animated-6.0.0.tgz",
      "integrity": "sha512-bNPIqDCod5KGHU1GN9T+YOTnaSwNLxurxlOQc6CyWtkQCIYKGYg7ZA+It0p9wX1cerx/sf80QLODiLI1msPHDw==",
      "dev": true,
      "dependencies": {
        "@pixi/core": "6.0.0",
        "@pixi/sprite": "6.0.0",
        "@pixi/ticker": "6.0.0"
      }
    },
    "node_modules/@pixi/sprite-tiling": {
      "version": "6.0.0",
      "resolved": "https://registry.npmjs.org/@pixi/sprite-tiling/-/sprite-tiling-6.0.0.tgz",
      "integrity": "sha512-h+TQ+DZTWzHkrJXC7CbhbwzgLtXGWo7yW4y4ha2k+EIIy4uyRYki5wA4xq+Q4Dk1PlItNXOTubs1uQMxBmOWgw==",
      "dev": true,
      "dependencies": {
        "@pixi/constants": "6.0.0",
        "@pixi/core": "6.0.0",
        "@pixi/display": "6.0.0",
        "@pixi/math": "6.0.0",
        "@pixi/sprite": "6.0.0",
        "@pixi/utils": "6.0.0"
      }
    },
    "node_modules/@pixi/spritesheet": {
      "version": "6.0.0",
      "resolved": "https://registry.npmjs.org/@pixi/spritesheet/-/spritesheet-6.0.0.tgz",
      "integrity": "sha512-crRPvDA3O8qrAUTnPuV2UIKKW06FpCgGSFe5OwaE+8yFP2DCefoMeD5tU+EOuWavLTM94nBjbcGEpGYp/VBIvA==",
      "dev": true,
      "dependencies": {
        "@pixi/core": "6.0.0",
        "@pixi/loaders": "6.0.0",
        "@pixi/math": "6.0.0",
        "@pixi/utils": "6.0.0"
      }
    },
    "node_modules/@pixi/text": {
      "version": "6.0.0",
      "resolved": "https://registry.npmjs.org/@pixi/text/-/text-6.0.0.tgz",
      "integrity": "sha512-ZRgU03fWETpTsr+vse8yC8/czEZ36qS3+NyGtaL9lP+Otw/exJ+fPNKE6Oucb3ZpjhNRSWVSCmZcqGp0ogzQDw==",
      "dev": true,
      "dependencies": {
        "@pixi/core": "6.0.0",
        "@pixi/math": "6.0.0",
        "@pixi/settings": "6.0.0",
        "@pixi/sprite": "6.0.0",
        "@pixi/utils": "6.0.0"
      }
    },
    "node_modules/@pixi/text-bitmap": {
      "version": "6.0.0",
      "resolved": "https://registry.npmjs.org/@pixi/text-bitmap/-/text-bitmap-6.0.0.tgz",
      "integrity": "sha512-PXxr1JcBtcqnkkmdIgS2vN3TvmgA2jXY8BhdCamx+Bkhtpron5UWL0wzIOmEXEH0jWyXwbdTuNnx4V48JJbIsQ==",
      "dev": true,
      "dependencies": {
        "@pixi/core": "6.0.0",
        "@pixi/display": "6.0.0",
        "@pixi/loaders": "6.0.0",
        "@pixi/math": "6.0.0",
        "@pixi/mesh": "6.0.0",
        "@pixi/settings": "6.0.0",
        "@pixi/text": "6.0.0",
        "@pixi/utils": "6.0.0"
      }
    },
    "node_modules/@pixi/ticker": {
      "version": "6.0.0",
      "resolved": "https://registry.npmjs.org/@pixi/ticker/-/ticker-6.0.0.tgz",
      "integrity": "sha512-ON9Evw2ofOCIZ/06/sS1InRT6ByPsjeQtKxSP4YxgakUqY8mXKAFvj7L3GpgjyVz4u80VdqxgEki6teElfMI4Q==",
      "dev": true,
      "dependencies": {
        "@pixi/settings": "6.0.0"
      }
    },
    "node_modules/@pixi/utils": {
      "version": "6.0.0",
      "resolved": "https://registry.npmjs.org/@pixi/utils/-/utils-6.0.0.tgz",
      "integrity": "sha512-kI/KPd3NHYeRdss8ZsFjBrup/x0bXSjX/Vq8gZJOdiHIZ6IFllugYulsQwGbgNCTX0VBV8K8ks21/UzHUhRxGQ==",
      "dev": true,
      "dependencies": {
        "@pixi/constants": "6.0.0",
        "@pixi/settings": "6.0.0",
        "@types/earcut": "^2.1.0",
        "@types/node": "^12.0.0",
        "earcut": "^2.2.2",
        "eventemitter3": "^3.1.0",
        "url": "^0.11.0"
      }
    },
    "node_modules/@pixi/utils/node_modules/@types/node": {
      "version": "12.20.5",
      "resolved": "https://registry.npmjs.org/@types/node/-/node-12.20.5.tgz",
      "integrity": "sha512-5Oy7tYZnu3a4pnJ//d4yVvOImExl4Vtwf0D40iKUlU+XlUsyV9iyFWyCFlwy489b72FMAik/EFwRkNLjjOdSPg==",
      "dev": true
    },
    "node_modules/@types/earcut": {
      "version": "2.1.1",
      "resolved": "https://registry.npmjs.org/@types/earcut/-/earcut-2.1.1.tgz",
      "integrity": "sha512-w8oigUCDjElRHRRrMvn/spybSMyX8MTkKA5Dv+tS1IE/TgmNZPqUYtvYBXGY8cieSE66gm+szeK+bnbxC2xHTQ==",
      "dev": true
    },
    "node_modules/earcut": {
      "version": "2.2.2",
      "resolved": "https://registry.npmjs.org/earcut/-/earcut-2.2.2.tgz",
      "integrity": "sha512-eZoZPPJcUHnfRZ0PjLvx2qBordSiO8ofC3vt+qACLM95u+4DovnbYNpQtJh0DNsWj8RnxrQytD4WA8gj5cRIaQ==",
      "dev": true
    },
    "node_modules/eventemitter3": {
      "version": "3.1.2",
      "resolved": "https://registry.npmjs.org/eventemitter3/-/eventemitter3-3.1.2.tgz",
      "integrity": "sha512-tvtQIeLVHjDkJYnzf2dgVMxfuSGJeM/7UCG17TT4EumTfNtF+0nebF/4zWOIkCreAbtNqhGEboB6BWrwqNaw4Q==",
      "dev": true
    },
    "node_modules/ismobilejs": {
      "version": "1.1.1",
      "resolved": "https://registry.npmjs.org/ismobilejs/-/ismobilejs-1.1.1.tgz",
      "integrity": "sha512-VaFW53yt8QO61k2WJui0dHf4SlL8lxBofUuUmwBo0ljPk0Drz2TiuDW4jo3wDcv41qy/SxrJ+VAzJ/qYqsmzRw==",
      "dev": true
    },
    "node_modules/mini-signals": {
      "version": "1.2.0",
      "resolved": "https://registry.npmjs.org/mini-signals/-/mini-signals-1.2.0.tgz",
      "integrity": "sha1-RbCAE8X65RokqhqTXNMXye1yHXQ=",
      "dev": true
    },
    "node_modules/object-assign": {
      "version": "4.1.1",
      "resolved": "https://registry.npmjs.org/object-assign/-/object-assign-4.1.1.tgz",
      "integrity": "sha1-IQmtx5ZYh8/AXLvUQsrIv7s2CGM=",
      "dev": true,
      "engines": {
        "node": ">=0.10.0"
      }
    },
    "node_modules/parse-uri": {
      "version": "1.0.3",
      "resolved": "https://registry.npmjs.org/parse-uri/-/parse-uri-1.0.3.tgz",
      "integrity": "sha512-upMnGxNcm+45So85HoguwZTVZI9u11i36DdxJfGF2HYWS2eh3TIx7+/tTi7qrEq15qzGkVhsKjesau+kCk48pA==",
      "dev": true,
      "engines": {
        "node": ">= 0.10"
      }
    },
    "node_modules/pixi.js": {
      "version": "6.0.0",
      "resolved": "https://registry.npmjs.org/pixi.js/-/pixi.js-6.0.0.tgz",
      "integrity": "sha512-dnbLWGxlA5LBoIW85uJQ2HiPQAkDFwp3bHs3OmXX+lJON9Lh4ZgVv2TAwgcO9j0UV5Wkbm+9sXEhqT8Up7a4RA==",
      "dev": true,
      "dependencies": {
        "@pixi/accessibility": "6.0.0",
        "@pixi/app": "6.0.0",
        "@pixi/compressed-textures": "6.0.0",
        "@pixi/constants": "6.0.0",
        "@pixi/core": "6.0.0",
        "@pixi/display": "6.0.0",
        "@pixi/extract": "6.0.0",
        "@pixi/filter-alpha": "6.0.0",
        "@pixi/filter-blur": "6.0.0",
        "@pixi/filter-color-matrix": "6.0.0",
        "@pixi/filter-displacement": "6.0.0",
        "@pixi/filter-fxaa": "6.0.0",
        "@pixi/filter-noise": "6.0.0",
        "@pixi/graphics": "6.0.0",
        "@pixi/interaction": "6.0.0",
        "@pixi/loaders": "6.0.0",
        "@pixi/math": "6.0.0",
        "@pixi/mesh": "6.0.0",
        "@pixi/mesh-extras": "6.0.0",
        "@pixi/mixin-cache-as-bitmap": "6.0.0",
        "@pixi/mixin-get-child-by-name": "6.0.0",
        "@pixi/mixin-get-global-position": "6.0.0",
        "@pixi/particles": "6.0.0",
        "@pixi/polyfill": "6.0.0",
        "@pixi/prepare": "6.0.0",
        "@pixi/runner": "6.0.0",
        "@pixi/settings": "6.0.0",
        "@pixi/sprite": "6.0.0",
        "@pixi/sprite-animated": "6.0.0",
        "@pixi/sprite-tiling": "6.0.0",
        "@pixi/spritesheet": "6.0.0",
        "@pixi/text": "6.0.0",
        "@pixi/text-bitmap": "6.0.0",
        "@pixi/ticker": "6.0.0",
        "@pixi/utils": "6.0.0"
      },
      "funding": {
        "type": "opencollective",
        "url": "https://opencollective.com/pixijs"
      }
    },
    "node_modules/promise-polyfill": {
      "version": "8.2.0",
      "resolved": "https://registry.npmjs.org/promise-polyfill/-/promise-polyfill-8.2.0.tgz",
      "integrity": "sha512-k/TC0mIcPVF6yHhUvwAp7cvL6I2fFV7TzF1DuGPI8mBh4QQazf36xCKEHKTZKRysEoTQoQdKyP25J8MPJp7j5g==",
      "dev": true
    },
    "node_modules/querystring": {
      "version": "0.2.0",
      "resolved": "https://registry.npmjs.org/querystring/-/querystring-0.2.0.tgz",
      "integrity": "sha1-sgmEkgO7Jd+CDadW50cAWHhSFiA=",
      "deprecated": "The querystring API is considered Legacy. new code should use the URLSearchParams API instead.",
      "dev": true,
      "engines": {
        "node": ">=0.4.x"
      }
    },
    "node_modules/resource-loader": {
      "version": "3.0.1",
      "resolved": "https://registry.npmjs.org/resource-loader/-/resource-loader-3.0.1.tgz",
      "integrity": "sha512-fBuCRbEHdLCI1eglzQhUv9Rrdcmqkydr1r6uHE2cYHvRBrcLXeSmbE/qI/urFt8rPr/IGxir3BUwM5kUK8XoyA==",
      "dev": true,
      "dependencies": {
        "mini-signals": "^1.2.0",
        "parse-uri": "^1.0.0"
      }
    },
    "node_modules/typescript": {
      "version": "4.2.3",
      "resolved": "https://registry.npmjs.org/typescript/-/typescript-4.2.3.tgz",
      "integrity": "sha512-qOcYwxaByStAWrBf4x0fibwZvMRG+r4cQoTjbPtUlrWjBHbmCAww1i448U0GJ+3cNNEtebDteo/cHOR3xJ4wEw==",
      "dev": true,
      "bin": {
        "tsc": "bin/tsc",
        "tsserver": "bin/tsserver"
      },
      "engines": {
        "node": ">=4.2.0"
      }
    },
    "node_modules/url": {
      "version": "0.11.0",
      "resolved": "https://registry.npmjs.org/url/-/url-0.11.0.tgz",
      "integrity": "sha1-ODjpfPxgUh63PFJajlW/3Z4uKPE=",
      "dev": true,
      "dependencies": {
        "punycode": "1.3.2",
        "querystring": "0.2.0"
      }
    },
    "node_modules/url/node_modules/punycode": {
      "version": "1.3.2",
      "resolved": "https://registry.npmjs.org/punycode/-/punycode-1.3.2.tgz",
      "integrity": "sha1-llOgNvt8HuQjQvIyXM7v6jkmxI0=",
      "dev": true
    }
  },
  "dependencies": {
    "@pixi/accessibility": {
      "version": "6.0.0",
      "resolved": "https://registry.npmjs.org/@pixi/accessibility/-/accessibility-6.0.0.tgz",
      "integrity": "sha512-AuwFGRUF7I+D3B1FJKJq8j6bkgWLpJEdwqY8NxnmRTgQXh/XkiXtkZp4Iiinh3ivoCs6xdfz/p7ekOyHfFdZ0Q==",
      "dev": true,
      "requires": {
        "@pixi/canvas-renderer": "6.0.0",
        "@pixi/core": "6.0.0",
        "@pixi/display": "6.0.0",
        "@pixi/utils": "6.0.0"
      }
    },
    "@pixi/app": {
      "version": "6.0.0",
      "resolved": "https://registry.npmjs.org/@pixi/app/-/app-6.0.0.tgz",
      "integrity": "sha512-axT7HgVHbjzgiy2xuilBDNmivQz3Nm+ZLjU9hiK6iVWp7tOkCTP7VZg5JW4VWiTQrc3GiJLY9FaRb6vxDV3+Gw==",
      "dev": true,
      "requires": {
        "@pixi/core": "6.0.0",
        "@pixi/display": "6.0.0"
      }
    },
    "@pixi/canvas-renderer": {
      "version": "6.0.0",
      "resolved": "https://registry.npmjs.org/@pixi/canvas-renderer/-/canvas-renderer-6.0.0.tgz",
      "integrity": "sha512-KKh1AsKuk91QLgGbsngUZA4Ig1hZsRoxS13N0eXw+mJfuHag5pARAeZvn/6kc7xJAqX/p+n6GNtOq85PK6FiQg==",
      "dev": true,
      "requires": {
        "@pixi/constants": "6.0.0",
        "@pixi/core": "6.0.0",
        "@pixi/math": "6.0.0",
        "@pixi/settings": "6.0.0",
        "@pixi/utils": "6.0.0"
      }
    },
    "@pixi/compressed-textures": {
      "version": "6.0.0",
      "resolved": "https://registry.npmjs.org/@pixi/compressed-textures/-/compressed-textures-6.0.0.tgz",
      "integrity": "sha512-K6uEpd0RinapAyuMQGdj+PtHV5eD93zGo9rgxLEpjNlAZMQdtvHrsE+jBGu7LPxJLTs6P72BOajTp9tTkXLBkA==",
      "dev": true,
      "requires": {
        "@pixi/constants": "6.0.0",
        "@pixi/core": "6.0.0",
        "@pixi/loaders": "6.0.0"
      }
    },
    "@pixi/constants": {
      "version": "6.0.0",
      "resolved": "https://registry.npmjs.org/@pixi/constants/-/constants-6.0.0.tgz",
      "integrity": "sha512-/ZvzxkYjnSOvMhAuGEzSHJ7pgxQ/6VfWyxzYhbZ9U8YRxnU4D5l2MKGIe5XpAMHEFD10t0mYzIC9tMoCrdlBGg==",
      "dev": true
    },
    "@pixi/core": {
      "version": "6.0.0",
      "resolved": "https://registry.npmjs.org/@pixi/core/-/core-6.0.0.tgz",
      "integrity": "sha512-hOvl0aLG1nYYw2OzUY1Xot38vnrQl5eshIcfqMjUHmuescwedNPXE7cO7zAiMEW1bdAJMmQ5gT4RVMZTKUx3fg==",
      "dev": true,
      "requires": {
        "@pixi/constants": "6.0.0",
        "@pixi/math": "6.0.0",
        "@pixi/runner": "6.0.0",
        "@pixi/settings": "6.0.0",
        "@pixi/ticker": "6.0.0",
        "@pixi/utils": "6.0.0"
      }
    },
    "@pixi/display": {
      "version": "6.0.0",
      "resolved": "https://registry.npmjs.org/@pixi/display/-/display-6.0.0.tgz",
      "integrity": "sha512-Sl4QLlNlHjB68BojkIK36kJy2/brJ+cVviYITpaRQzOEZRNiWOZPdKaZ4qH1mwzD59LGBvKksBGGeEB/y9XHlw==",
      "dev": true,
      "requires": {
        "@pixi/math": "6.0.0",
        "@pixi/settings": "6.0.0",
        "@pixi/utils": "6.0.0"
      }
    },
    "@pixi/extract": {
      "version": "6.0.0",
      "resolved": "https://registry.npmjs.org/@pixi/extract/-/extract-6.0.0.tgz",
      "integrity": "sha512-LIhQNOr90kEo2YFRcjsIR5ZRdbtcWWYqtwC6/Zgy5dzuB+JNCiHIqWZTHCJDbzuXnImHM3NP59Zay2nuJsgVAw==",
      "dev": true,
      "requires": {
        "@pixi/core": "6.0.0",
        "@pixi/math": "6.0.0",
        "@pixi/utils": "6.0.0"
      }
    },
    "@pixi/filter-alpha": {
      "version": "6.0.0",
      "resolved": "https://registry.npmjs.org/@pixi/filter-alpha/-/filter-alpha-6.0.0.tgz",
      "integrity": "sha512-wtsqCIIxYNH8twQ7sYTPnQa3GEBEkwgETglbQrszJIcuWf5sHizZwmV5k12DVJjWlRn5fHczrb9eF6Rye/K47A==",
      "dev": true,
      "requires": {
        "@pixi/core": "6.0.0"
      }
    },
    "@pixi/filter-blur": {
      "version": "6.0.0",
      "resolved": "https://registry.npmjs.org/@pixi/filter-blur/-/filter-blur-6.0.0.tgz",
      "integrity": "sha512-G0AZ8oCLFmJ1f0wFFPHKP9rKe/Ax4a0JIqIyxTPVdsWyZMUJT3hLK3pVyypnNFt4vJCFUENpG4f69DpIlxJ5AA==",
      "dev": true,
      "requires": {
        "@pixi/core": "6.0.0",
        "@pixi/settings": "6.0.0"
      }
    },
    "@pixi/filter-color-matrix": {
      "version": "6.0.0",
      "resolved": "https://registry.npmjs.org/@pixi/filter-color-matrix/-/filter-color-matrix-6.0.0.tgz",
      "integrity": "sha512-81LLG54+o7KPRLYqb5hKnHEa+8fvUwcBdzdEvkIw41IXGaxItXd18bDVs5A9hDRSA/DvDxPWR2ogXqnLuxrIRA==",
      "dev": true,
      "requires": {
        "@pixi/core": "6.0.0"
      }
    },
    "@pixi/filter-displacement": {
      "version": "6.0.0",
      "resolved": "https://registry.npmjs.org/@pixi/filter-displacement/-/filter-displacement-6.0.0.tgz",
      "integrity": "sha512-f439vMHb3VYUQSH9f3Z3o1j3o9ciA+xjzhldc+sXunxabmRn02yNye+u4fJlRoQnLFgGFlQCPlpaSEK+CGygDA==",
      "dev": true,
      "requires": {
        "@pixi/core": "6.0.0",
        "@pixi/math": "6.0.0"
      }
    },
    "@pixi/filter-fxaa": {
      "version": "6.0.0",
      "resolved": "https://registry.npmjs.org/@pixi/filter-fxaa/-/filter-fxaa-6.0.0.tgz",
      "integrity": "sha512-oSSee1ktf3nYUhH7rf1pfLjxWkliOZiqUo3N0E6mV5kN7RfIWVgyahImDVJdvIlSQYMVW8rg2jOMetp4E9c70g==",
      "dev": true,
      "requires": {
        "@pixi/core": "6.0.0"
      }
    },
    "@pixi/filter-noise": {
      "version": "6.0.0",
      "resolved": "https://registry.npmjs.org/@pixi/filter-noise/-/filter-noise-6.0.0.tgz",
      "integrity": "sha512-AMWcodsb5FUQGsfZRQs1Qn+YLGu8yScKWPKXhn1fjEP0zgFk2/PFu6CQADOETBrHYie6eqib05vmcFhhV6NN3A==",
      "dev": true,
      "requires": {
        "@pixi/core": "6.0.0"
      }
    },
    "@pixi/graphics": {
      "version": "6.0.0",
      "resolved": "https://registry.npmjs.org/@pixi/graphics/-/graphics-6.0.0.tgz",
      "integrity": "sha512-JKYlXD6snsNGI28okuhJrLr21FMDLbG2ISSn17P+fKvtUbCyerP0XrItZiMagjnwyoa4kcmk/L6ywQUSNrqe1Q==",
      "dev": true,
      "requires": {
        "@pixi/constants": "6.0.0",
        "@pixi/core": "6.0.0",
        "@pixi/display": "6.0.0",
        "@pixi/math": "6.0.0",
        "@pixi/sprite": "6.0.0",
        "@pixi/utils": "6.0.0"
      }
    },
    "@pixi/interaction": {
      "version": "6.0.0",
      "resolved": "https://registry.npmjs.org/@pixi/interaction/-/interaction-6.0.0.tgz",
      "integrity": "sha512-tbJEGApuALoMrRVtvozjJnVM+8svIQiyDmLsb8NYI0jS+VhqZCUZPoGRXBnzzOoCM8TfuRV9A8OAgoGOi543pg==",
      "dev": true,
      "requires": {
        "@pixi/core": "6.0.0",
        "@pixi/display": "6.0.0",
        "@pixi/math": "6.0.0",
        "@pixi/ticker": "6.0.0",
        "@pixi/utils": "6.0.0"
      }
    },
    "@pixi/loaders": {
      "version": "6.0.0",
      "resolved": "https://registry.npmjs.org/@pixi/loaders/-/loaders-6.0.0.tgz",
      "integrity": "sha512-mA0uXNJEDpSsPQZHRCxMViqdopqZgs9RueiqMlXirdnp5S+G56Y71eDZZxa1qJoy4LNJzcVOWqG8vOhLzYEpVQ==",
      "dev": true,
      "requires": {
        "@pixi/constants": "6.0.0",
        "@pixi/core": "6.0.0",
        "@pixi/utils": "6.0.0",
        "resource-loader": "^3.0.1"
      }
    },
    "@pixi/math": {
      "version": "6.0.0",
      "resolved": "https://registry.npmjs.org/@pixi/math/-/math-6.0.0.tgz",
      "integrity": "sha512-MGt7Gcj9zMCzy/T28mmi8TFfb09ePU+fbqd6VzXv91lmaoc/ZVBDRoYwDA8x5dQTXuuiRicRypXghQccl0X+OQ==",
      "dev": true
    },
    "@pixi/mesh": {
      "version": "6.0.0",
      "resolved": "https://registry.npmjs.org/@pixi/mesh/-/mesh-6.0.0.tgz",
      "integrity": "sha512-yxIgDJXb0tklAZLE7dQ7ohVfTZhDZ+C9oU7FQ8uzyAlPrVVI5T7ZxTTfB2qYvfuX1ag3rCjGPqFvG01nG2P5QA==",
      "dev": true,
      "requires": {
        "@pixi/constants": "6.0.0",
        "@pixi/core": "6.0.0",
        "@pixi/display": "6.0.0",
        "@pixi/math": "6.0.0",
        "@pixi/settings": "6.0.0",
        "@pixi/utils": "6.0.0"
      }
    },
    "@pixi/mesh-extras": {
      "version": "6.0.0",
      "resolved": "https://registry.npmjs.org/@pixi/mesh-extras/-/mesh-extras-6.0.0.tgz",
      "integrity": "sha512-4F+/kZtyWoH6xkyreMTzO8tAj6NnHjJPFhTW4mNB79DoNyeb3JOQbyeaLj+TKvK+x72Hhcu2m7JxDUfstcBCCw==",
      "dev": true,
      "requires": {
        "@pixi/constants": "6.0.0",
        "@pixi/core": "6.0.0",
        "@pixi/math": "6.0.0",
        "@pixi/mesh": "6.0.0",
        "@pixi/utils": "6.0.0"
      }
    },
    "@pixi/mixin-cache-as-bitmap": {
      "version": "6.0.0",
      "resolved": "https://registry.npmjs.org/@pixi/mixin-cache-as-bitmap/-/mixin-cache-as-bitmap-6.0.0.tgz",
      "integrity": "sha512-ox2KaorNYSYm6vNXSEH1ecwGDRx9NhpXvBH4Gun9XwIgxmVTZrHdRYdWOgAhQnj9L+a7+JwwCGspcpcL4h0QBw==",
      "dev": true,
      "requires": {
        "@pixi/canvas-renderer": "6.0.0",
        "@pixi/core": "6.0.0",
        "@pixi/display": "6.0.0",
        "@pixi/math": "6.0.0",
        "@pixi/settings": "6.0.0",
        "@pixi/sprite": "6.0.0",
        "@pixi/utils": "6.0.0"
      }
    },
    "@pixi/mixin-get-child-by-name": {
      "version": "6.0.0",
      "resolved": "https://registry.npmjs.org/@pixi/mixin-get-child-by-name/-/mixin-get-child-by-name-6.0.0.tgz",
      "integrity": "sha512-g/8WflW83kfo918WROePmGErRI2rxSCnuRfEkHRYGcsyN3yN/oHyDTgA0UrlLvNk2YM2v3oDjQKmCkD4roA06A==",
      "dev": true,
      "requires": {
        "@pixi/display": "6.0.0"
      }
    },
    "@pixi/mixin-get-global-position": {
      "version": "6.0.0",
      "resolved": "https://registry.npmjs.org/@pixi/mixin-get-global-position/-/mixin-get-global-position-6.0.0.tgz",
      "integrity": "sha512-1qVfsoHjyWknFAmkhUkgOfOoCw5fE5cNbJ91VcfyUGL5hgw329uqdOqeqAVr06oRNInvMzNM6ePBoD6+8T2qrw==",
      "dev": true,
      "requires": {
        "@pixi/display": "6.0.0",
        "@pixi/math": "6.0.0"
      }
    },
    "@pixi/particles": {
      "version": "6.0.0",
      "resolved": "https://registry.npmjs.org/@pixi/particles/-/particles-6.0.0.tgz",
      "integrity": "sha512-Q8aWbP7fJEqShJ75WhgMq2v+YbaGyKnYk+8xoyPooIjD+RWx9iibqqsYq4bzaDXL/yl74K32hhFkKB9krj4MMQ==",
      "dev": true,
      "requires": {
        "@pixi/constants": "6.0.0",
        "@pixi/core": "6.0.0",
        "@pixi/display": "6.0.0",
        "@pixi/math": "6.0.0",
        "@pixi/utils": "6.0.0"
      }
    },
    "@pixi/polyfill": {
      "version": "6.0.0",
      "resolved": "https://registry.npmjs.org/@pixi/polyfill/-/polyfill-6.0.0.tgz",
      "integrity": "sha512-lMjVCEiQYfa9wJgYT75fGbpuMsxF7WLmH05+Zg4a9nZJm7DeQ/D+BjsuxTGKLbjINHCMUA/D8E6utT2u5IGgGA==",
      "dev": true,
      "requires": {
        "object-assign": "^4.1.1",
        "promise-polyfill": "^8.2.0"
      }
    },
    "@pixi/prepare": {
      "version": "6.0.0",
      "resolved": "https://registry.npmjs.org/@pixi/prepare/-/prepare-6.0.0.tgz",
      "integrity": "sha512-5Iw7vq9Ze71LQsg9F8Fx94vszFB5/E9LcMhn7NJDGbrCawigldqT1GiwJB2SzWBbqn199GDTX1g/ApMdLEt4YA==",
      "dev": true,
      "requires": {
        "@pixi/core": "6.0.0",
        "@pixi/display": "6.0.0",
        "@pixi/graphics": "6.0.0",
        "@pixi/settings": "6.0.0",
        "@pixi/text": "6.0.0",
        "@pixi/ticker": "6.0.0"
      }
    },
    "@pixi/runner": {
      "version": "6.0.0",
      "resolved": "https://registry.npmjs.org/@pixi/runner/-/runner-6.0.0.tgz",
      "integrity": "sha512-lwlAdtC4PEPy3O0nljYNEZgsBe9AEJ8qZAFkDK+ZHQIgV3uODRIG+8dmzTmMo7pHucvMM9klK29bzBhmXS95eQ==",
      "dev": true
    },
    "@pixi/settings": {
      "version": "6.0.0",
      "resolved": "https://registry.npmjs.org/@pixi/settings/-/settings-6.0.0.tgz",
      "integrity": "sha512-AMM39dnYrByL4/qZHNWShJaYQkp0RJ/TA7JNf6cJq/Mq8idumaSdUsrytvbmFDIhNEeFTh9o1EgLzqxxCO7Z+g==",
      "dev": true,
      "requires": {
        "ismobilejs": "^1.1.0"
      }
    },
    "@pixi/sprite": {
      "version": "6.0.0",
      "resolved": "https://registry.npmjs.org/@pixi/sprite/-/sprite-6.0.0.tgz",
      "integrity": "sha512-17bmwAL/KtY//I3mhZeKeVjoXSmI8yWk+zsTy8L5s95UVUDkyxJ//mc8Sv7ajF2OteLH0yyd+l3Pb/lYazkwBQ==",
      "dev": true,
      "requires": {
        "@pixi/constants": "6.0.0",
        "@pixi/core": "6.0.0",
        "@pixi/display": "6.0.0",
        "@pixi/math": "6.0.0",
        "@pixi/settings": "6.0.0",
        "@pixi/utils": "6.0.0"
      }
    },
    "@pixi/sprite-animated": {
      "version": "6.0.0",
      "resolved": "https://registry.npmjs.org/@pixi/sprite-animated/-/sprite-animated-6.0.0.tgz",
      "integrity": "sha512-bNPIqDCod5KGHU1GN9T+YOTnaSwNLxurxlOQc6CyWtkQCIYKGYg7ZA+It0p9wX1cerx/sf80QLODiLI1msPHDw==",
      "dev": true,
      "requires": {
        "@pixi/core": "6.0.0",
        "@pixi/sprite": "6.0.0",
        "@pixi/ticker": "6.0.0"
      }
    },
    "@pixi/sprite-tiling": {
      "version": "6.0.0",
      "resolved": "https://registry.npmjs.org/@pixi/sprite-tiling/-/sprite-tiling-6.0.0.tgz",
      "integrity": "sha512-h+TQ+DZTWzHkrJXC7CbhbwzgLtXGWo7yW4y4ha2k+EIIy4uyRYki5wA4xq+Q4Dk1PlItNXOTubs1uQMxBmOWgw==",
      "dev": true,
      "requires": {
        "@pixi/constants": "6.0.0",
        "@pixi/core": "6.0.0",
        "@pixi/display": "6.0.0",
        "@pixi/math": "6.0.0",
        "@pixi/sprite": "6.0.0",
        "@pixi/utils": "6.0.0"
      }
    },
    "@pixi/spritesheet": {
      "version": "6.0.0",
      "resolved": "https://registry.npmjs.org/@pixi/spritesheet/-/spritesheet-6.0.0.tgz",
      "integrity": "sha512-crRPvDA3O8qrAUTnPuV2UIKKW06FpCgGSFe5OwaE+8yFP2DCefoMeD5tU+EOuWavLTM94nBjbcGEpGYp/VBIvA==",
      "dev": true,
      "requires": {
        "@pixi/core": "6.0.0",
        "@pixi/loaders": "6.0.0",
        "@pixi/math": "6.0.0",
        "@pixi/utils": "6.0.0"
      }
    },
    "@pixi/text": {
      "version": "6.0.0",
      "resolved": "https://registry.npmjs.org/@pixi/text/-/text-6.0.0.tgz",
      "integrity": "sha512-ZRgU03fWETpTsr+vse8yC8/czEZ36qS3+NyGtaL9lP+Otw/exJ+fPNKE6Oucb3ZpjhNRSWVSCmZcqGp0ogzQDw==",
      "dev": true,
      "requires": {
        "@pixi/core": "6.0.0",
        "@pixi/math": "6.0.0",
        "@pixi/settings": "6.0.0",
        "@pixi/sprite": "6.0.0",
        "@pixi/utils": "6.0.0"
      }
    },
    "@pixi/text-bitmap": {
      "version": "6.0.0",
      "resolved": "https://registry.npmjs.org/@pixi/text-bitmap/-/text-bitmap-6.0.0.tgz",
      "integrity": "sha512-PXxr1JcBtcqnkkmdIgS2vN3TvmgA2jXY8BhdCamx+Bkhtpron5UWL0wzIOmEXEH0jWyXwbdTuNnx4V48JJbIsQ==",
      "dev": true,
      "requires": {
        "@pixi/core": "6.0.0",
        "@pixi/display": "6.0.0",
        "@pixi/loaders": "6.0.0",
        "@pixi/math": "6.0.0",
        "@pixi/mesh": "6.0.0",
        "@pixi/settings": "6.0.0",
        "@pixi/text": "6.0.0",
        "@pixi/utils": "6.0.0"
      }
    },
    "@pixi/ticker": {
      "version": "6.0.0",
      "resolved": "https://registry.npmjs.org/@pixi/ticker/-/ticker-6.0.0.tgz",
      "integrity": "sha512-ON9Evw2ofOCIZ/06/sS1InRT6ByPsjeQtKxSP4YxgakUqY8mXKAFvj7L3GpgjyVz4u80VdqxgEki6teElfMI4Q==",
      "dev": true,
      "requires": {
        "@pixi/settings": "6.0.0"
      }
    },
    "@pixi/utils": {
      "version": "6.0.0",
      "resolved": "https://registry.npmjs.org/@pixi/utils/-/utils-6.0.0.tgz",
      "integrity": "sha512-kI/KPd3NHYeRdss8ZsFjBrup/x0bXSjX/Vq8gZJOdiHIZ6IFllugYulsQwGbgNCTX0VBV8K8ks21/UzHUhRxGQ==",
      "dev": true,
      "requires": {
        "@pixi/constants": "6.0.0",
        "@pixi/settings": "6.0.0",
        "@types/earcut": "^2.1.0",
        "@types/node": "^12.0.0",
        "earcut": "^2.2.2",
        "eventemitter3": "^3.1.0",
        "url": "^0.11.0"
      },
      "dependencies": {
        "@types/node": {
          "version": "12.20.5",
          "resolved": "https://registry.npmjs.org/@types/node/-/node-12.20.5.tgz",
          "integrity": "sha512-5Oy7tYZnu3a4pnJ//d4yVvOImExl4Vtwf0D40iKUlU+XlUsyV9iyFWyCFlwy489b72FMAik/EFwRkNLjjOdSPg==",
          "dev": true
        }
      }
    },
    "@types/earcut": {
      "version": "2.1.1",
      "resolved": "https://registry.npmjs.org/@types/earcut/-/earcut-2.1.1.tgz",
      "integrity": "sha512-w8oigUCDjElRHRRrMvn/spybSMyX8MTkKA5Dv+tS1IE/TgmNZPqUYtvYBXGY8cieSE66gm+szeK+bnbxC2xHTQ==",
      "dev": true
    },
    "earcut": {
      "version": "2.2.2",
      "resolved": "https://registry.npmjs.org/earcut/-/earcut-2.2.2.tgz",
      "integrity": "sha512-eZoZPPJcUHnfRZ0PjLvx2qBordSiO8ofC3vt+qACLM95u+4DovnbYNpQtJh0DNsWj8RnxrQytD4WA8gj5cRIaQ==",
      "dev": true
    },
    "eventemitter3": {
      "version": "3.1.2",
      "resolved": "https://registry.npmjs.org/eventemitter3/-/eventemitter3-3.1.2.tgz",
      "integrity": "sha512-tvtQIeLVHjDkJYnzf2dgVMxfuSGJeM/7UCG17TT4EumTfNtF+0nebF/4zWOIkCreAbtNqhGEboB6BWrwqNaw4Q==",
      "dev": true
    },
    "ismobilejs": {
      "version": "1.1.1",
      "resolved": "https://registry.npmjs.org/ismobilejs/-/ismobilejs-1.1.1.tgz",
      "integrity": "sha512-VaFW53yt8QO61k2WJui0dHf4SlL8lxBofUuUmwBo0ljPk0Drz2TiuDW4jo3wDcv41qy/SxrJ+VAzJ/qYqsmzRw==",
      "dev": true
    },
    "mini-signals": {
      "version": "1.2.0",
      "resolved": "https://registry.npmjs.org/mini-signals/-/mini-signals-1.2.0.tgz",
      "integrity": "sha1-RbCAE8X65RokqhqTXNMXye1yHXQ=",
      "dev": true
    },
    "object-assign": {
      "version": "4.1.1",
      "resolved": "https://registry.npmjs.org/object-assign/-/object-assign-4.1.1.tgz",
      "integrity": "sha1-IQmtx5ZYh8/AXLvUQsrIv7s2CGM=",
      "dev": true
    },
    "parse-uri": {
      "version": "1.0.3",
      "resolved": "https://registry.npmjs.org/parse-uri/-/parse-uri-1.0.3.tgz",
      "integrity": "sha512-upMnGxNcm+45So85HoguwZTVZI9u11i36DdxJfGF2HYWS2eh3TIx7+/tTi7qrEq15qzGkVhsKjesau+kCk48pA==",
      "dev": true
    },
    "pixi.js": {
      "version": "6.0.0",
      "resolved": "https://registry.npmjs.org/pixi.js/-/pixi.js-6.0.0.tgz",
      "integrity": "sha512-dnbLWGxlA5LBoIW85uJQ2HiPQAkDFwp3bHs3OmXX+lJON9Lh4ZgVv2TAwgcO9j0UV5Wkbm+9sXEhqT8Up7a4RA==",
      "dev": true,
      "requires": {
        "@pixi/accessibility": "6.0.0",
        "@pixi/app": "6.0.0",
        "@pixi/compressed-textures": "6.0.0",
        "@pixi/constants": "6.0.0",
        "@pixi/core": "6.0.0",
        "@pixi/display": "6.0.0",
        "@pixi/extract": "6.0.0",
        "@pixi/filter-alpha": "6.0.0",
        "@pixi/filter-blur": "6.0.0",
        "@pixi/filter-color-matrix": "6.0.0",
        "@pixi/filter-displacement": "6.0.0",
        "@pixi/filter-fxaa": "6.0.0",
        "@pixi/filter-noise": "6.0.0",
        "@pixi/graphics": "6.0.0",
        "@pixi/interaction": "6.0.0",
        "@pixi/loaders": "6.0.0",
        "@pixi/math": "6.0.0",
        "@pixi/mesh": "6.0.0",
        "@pixi/mesh-extras": "6.0.0",
        "@pixi/mixin-cache-as-bitmap": "6.0.0",
        "@pixi/mixin-get-child-by-name": "6.0.0",
        "@pixi/mixin-get-global-position": "6.0.0",
        "@pixi/particles": "6.0.0",
        "@pixi/polyfill": "6.0.0",
        "@pixi/prepare": "6.0.0",
        "@pixi/runner": "6.0.0",
        "@pixi/settings": "6.0.0",
        "@pixi/sprite": "6.0.0",
        "@pixi/sprite-animated": "6.0.0",
        "@pixi/sprite-tiling": "6.0.0",
        "@pixi/spritesheet": "6.0.0",
        "@pixi/text": "6.0.0",
        "@pixi/text-bitmap": "6.0.0",
        "@pixi/ticker": "6.0.0",
        "@pixi/utils": "6.0.0"
      }
    },
    "promise-polyfill": {
      "version": "8.2.0",
      "resolved": "https://registry.npmjs.org/promise-polyfill/-/promise-polyfill-8.2.0.tgz",
      "integrity": "sha512-k/TC0mIcPVF6yHhUvwAp7cvL6I2fFV7TzF1DuGPI8mBh4QQazf36xCKEHKTZKRysEoTQoQdKyP25J8MPJp7j5g==",
      "dev": true
    },
    "querystring": {
      "version": "0.2.0",
      "resolved": "https://registry.npmjs.org/querystring/-/querystring-0.2.0.tgz",
      "integrity": "sha1-sgmEkgO7Jd+CDadW50cAWHhSFiA=",
      "dev": true
    },
    "resource-loader": {
      "version": "3.0.1",
      "resolved": "https://registry.npmjs.org/resource-loader/-/resource-loader-3.0.1.tgz",
      "integrity": "sha512-fBuCRbEHdLCI1eglzQhUv9Rrdcmqkydr1r6uHE2cYHvRBrcLXeSmbE/qI/urFt8rPr/IGxir3BUwM5kUK8XoyA==",
      "dev": true,
      "requires": {
        "mini-signals": "^1.2.0",
        "parse-uri": "^1.0.0"
      }
    },
    "typescript": {
      "version": "4.2.3",
      "resolved": "https://registry.npmjs.org/typescript/-/typescript-4.2.3.tgz",
      "integrity": "sha512-qOcYwxaByStAWrBf4x0fibwZvMRG+r4cQoTjbPtUlrWjBHbmCAww1i448U0GJ+3cNNEtebDteo/cHOR3xJ4wEw==",
      "dev": true
    },
    "url": {
      "version": "0.11.0",
      "resolved": "https://registry.npmjs.org/url/-/url-0.11.0.tgz",
      "integrity": "sha1-ODjpfPxgUh63PFJajlW/3Z4uKPE=",
      "dev": true,
      "requires": {
        "punycode": "1.3.2",
        "querystring": "0.2.0"
      },
      "dependencies": {
        "punycode": {
          "version": "1.3.2",
          "resolved": "https://registry.npmjs.org/punycode/-/punycode-1.3.2.tgz",
          "integrity": "sha1-llOgNvt8HuQjQvIyXM7v6jkmxI0=",
          "dev": true
        }
      }
    }
  }
}
